
Microsoft Visual Studio Solution File, Format Version 12.00
# Visual Studio Version 16
VisualStudioVersion = 16.0.29509.3
MinimumVisualStudioVersion = 10.0.40219.1
Project("{FAE04EC0-301F-11D3-BF4B-00C04F79EFBC}") = "WinForms_CS_Document_Viewer", "WinForms_CS_Document_Viewer.csproj", "{7BFFDD16-8174-491A-B3D8-D0729E9758B0}"
EndProject
Global
	GlobalSection(SolutionConfigurationPlatforms) = preSolution
		Debug|Any CPU = Debug|Any CPU
		Release|Any CPU = Release|Any CPU
	EndGlobalSection
	GlobalSection(ProjectConfigurationPlatforms) = postSolution
		{7BFFDD16-8174-491A-B3D8-D0729E9758B0}.Debug|Any CPU.ActiveCfg = Debug|Any CPU
		{7BFFDD16-8174-491A-B3D8-D0729E9758B0}.Debug|Any CPU.Build.0 = Debug|Any CPU
		{7BFFDD16-8174-491A-B3D8-D0729E9758B0}.Release|Any CPU.ActiveCfg = Release|Any CPU
		{7BFFDD16-8174-491A-B3D8-D0729E9758B0}.Release|Any CPU.Build.0 = Release|Any CPU
	EndGlobalSection
	GlobalSection(SolutionProperties) = preSolution
		HideSolutionNode = FALSE
	EndGlobalSection
	GlobalSection(ExtensibilityGlobals) = postSolution
		SolutionGuid = {0BF80DC4-451E-48C7-B2E7-64D810670D10}
	EndGlobalSection
EndGlobal
