
Microsoft Visual Studio Solution File, Format Version 12.00
# Visual Studio Version 16
VisualStudioVersion = 16.0.28803.352
MinimumVisualStudioVersion = 10.0.40219.1
Project("{FAE04EC0-301F-11D3-BF4B-00C04F79EFBC}") = "WinForms_Document_Viewer", "01. Document Viewer\01. WinForms\WinForms_Document_Viewer.csproj", "{7BFFDD16-8174-491A-B3D8-D0729E9758B0}"
EndProject
Project("{FAE04EC0-301F-11D3-BF4B-00C04F79EFBC}") = "WPF_Document_Viewer", "01. Document Viewer\02. WPF\WPF_Document_Viewer.csproj", "{D17C5B38-90C3-4041-AB39-7F292D9EAC20}"
EndProject
Project("{9A19103F-16F7-4668-BE54-9A1E7A4F7556}") = "XamarinViewerDemo", "01. Document Viewer\03. Xamarin\XamarinViewerDemo\XamarinViewerDemo\XamarinViewerDemo.csproj", "{D4FA91BF-60FB-401F-9CA3-14BFCABC7252}"
EndProject
Project("{FAE04EC0-301F-11D3-BF4B-00C04F79EFBC}") = "XamarinViewerDemo.Android", "01. Document Viewer\03. Xamarin\XamarinViewerDemo\XamarinViewerDemo.Android\XamarinViewerDemo.Android.csproj", "{E51AEAAB-ECB0-442B-86D8-A5D669D88FF7}"
EndProject
Project("{FAE04EC0-301F-11D3-BF4B-00C04F79EFBC}") = "XamarinViewerDemo.iOS", "01. Document Viewer\03. Xamarin\XamarinViewerDemo\XamarinViewerDemo.iOS\XamarinViewerDemo.iOS.csproj", "{C5A5CFF3-CB79-41BD-BEFA-170A9914305A}"
EndProject
Project("{FAE04EC0-301F-11D3-BF4B-00C04F79EFBC}") = "ASP.NET_MVC_Razor_Document_Viewer", "01. Document Viewer\04. ASP.NET\ASP.NET MVC\ASP.NET_MVC_Razor_Document_Viewer.csproj", "{60357709-3E62-4612-9C2D-29F0DBDD5929}"
EndProject
Project("{FAE04EC0-301F-11D3-BF4B-00C04F79EFBC}") = "ASP.NET_WebForms_Document_Viewer", "01. Document Viewer\04. ASP.NET\ASP.NET WebForms\ASP.NET_WebForms_Document_Viewer.csproj", "{1945CD82-3275-45AE-A6C4-7C2EB493FD7F}"
EndProject
Project("{FAE04EC0-301F-11D3-BF4B-00C04F79EFBC}") = "WinForms_Document_Printer", "02. Document Printer\01. WinForms\WinForms_Document_Printer.csproj", "{9844C24D-E1B4-497C-A145-37AC3DBACCAA}"
EndProject
Project("{FAE04EC0-301F-11D3-BF4B-00C04F79EFBC}") = "WinForms_Document_Converter", "03. Document Converter\01. WinForms\WinForms_Document_Converter.csproj", "{F610BF75-3426-42CE-B2AD-0422B209547B}"
EndProject
Project("{FAE04EC0-301F-11D3-BF4B-00C04F79EFBC}") = "WPF_Document_Converter", "03. Document Converter\02. WPF\WPF_Document_Converter.csproj", "{840ACC9A-DB7D-4A23-BDF2-D09743DED77D}"
EndProject
Project("{FAE04EC0-301F-11D3-BF4B-00C04F79EFBC}") = "ASP.NET_MVC_Razor_Document_Converter", "03. Document Converter\04. ASP.NET\ASP.NET MVC\ASP.NET_MVC_Razor_Document_Converter.csproj", "{A7F8196D-D2FC-4E58-BBD0-851607BC708B}"
EndProject
Project("{FAE04EC0-301F-11D3-BF4B-00C04F79EFBC}") = "ASP.NET_WebForms_Document_Converter", "03. Document Converter\04. ASP.NET\ASP.NET WebForms\ASP.NET_WebForms_Document_Converter.csproj", "{439871D4-D801-4CED-9A2D-FB4E0514E5AB}"
EndProject
Project("{FAE04EC0-301F-11D3-BF4B-00C04F79EFBC}") = "WinForms_MailMerge", "04. Mail-Merge\Console Application\WinForms_MailMerge.csproj", "{1ECDA999-7EBD-4FEF-9113-E1CAC5F7BA9A}"
EndProject
Project("{FAE04EC0-301F-11D3-BF4B-00C04F79EFBC}") = "WinForms_MailMergeVisualDemo", "04. Mail-Merge\WinForms\WinForms_MailMergeVisualDemo.csproj", "{6E3F5970-F2B1-4F05-A9C6-1838F71763EC}"
EndProject
Project("{9A19103F-16F7-4668-BE54-9A1E7A4F7556}") = "ASPNETCore_Razor_Pages_Document_Viewer", "01. Document Viewer\05. ASP.NET Core\Razor Pages\ASPNETCore_Razor_Pages_Document_Viewer.csproj", "{320A6A0A-43BF-4691-BBE9-581741FF26D0}"
EndProject
Project("{9A19103F-16F7-4668-BE54-9A1E7A4F7556}") = "ASPNETCore_MVC_Document_Viewer", "01. Document Viewer\05. ASP.NET Core\MVC\ASPNETCore_MVC_Document_Viewer.csproj", "{4A63421E-5BD4-4BD6-939D-768135972D7F}"
EndProject
Project("{2150E333-8FDC-42A3-9474-1A3956D46DE8}") = "1. Winforms", "1. Winforms", "{31C203C2-03A1-42AB-BBC8-03966DECAEBF}"
EndProject
Project("{2150E333-8FDC-42A3-9474-1A3956D46DE8}") = "2. WPF", "2. WPF", "{71124887-BED9-4B06-AD7D-4F1763A17CE5}"
EndProject
Project("{2150E333-8FDC-42A3-9474-1A3956D46DE8}") = "3. ASP.NET WebForms", "3. ASP.NET WebForms", "{BB4AEF5B-D890-4849-806A-94128852140E}"
EndProject
Project("{2150E333-8FDC-42A3-9474-1A3956D46DE8}") = "4. ASP.NET MVC", "4. ASP.NET MVC", "{376C3EAD-052A-43DD-8E7C-5731D077564F}"
EndProject
Project("{2150E333-8FDC-42A3-9474-1A3956D46DE8}") = "5. ASP.NET Core MVC", "5. ASP.NET Core MVC", "{107D3EE3-760B-42E6-9F8F-92289E9FAFD1}"
EndProject
Project("{2150E333-8FDC-42A3-9474-1A3956D46DE8}") = "6. ASP.NET Core Razor Pages", "6. ASP.NET Core Razor Pages", "{F8F1CABD-7C38-44A0-9979-B41672A04BC7}"
EndProject
Project("{2150E333-8FDC-42A3-9474-1A3956D46DE8}") = "7. Xamarin", "7. Xamarin", "{E9266A57-C237-4A7C-AF91-92EF9490808D}"
EndProject
Project("{FAE04EC0-301F-11D3-BF4B-00C04F79EFBC}") = "PDFSigning", "05. PDF Signing\01. ASP.NET\PDFSigning_WebForms\PDFSigning\PDFSigning.csproj", "{31E0A00F-827D-43F5-B260-9BC8DD7D31F0}"
EndProject
Global
	GlobalSection(SolutionConfigurationPlatforms) = preSolution
		Ad-Hoc|Any CPU = Ad-Hoc|Any CPU
		Ad-Hoc|iPhone = Ad-Hoc|iPhone
		Ad-Hoc|iPhoneSimulator = Ad-Hoc|iPhoneSimulator
		Ad-Hoc|x86 = Ad-Hoc|x86
		AppStore|Any CPU = AppStore|Any CPU
		AppStore|iPhone = AppStore|iPhone
		AppStore|iPhoneSimulator = AppStore|iPhoneSimulator
		AppStore|x86 = AppStore|x86
		Debug|Any CPU = Debug|Any CPU
		Debug|iPhone = Debug|iPhone
		Debug|iPhoneSimulator = Debug|iPhoneSimulator
		Debug|x86 = Debug|x86
		Release|Any CPU = Release|Any CPU
		Release|iPhone = Release|iPhone
		Release|iPhoneSimulator = Release|iPhoneSimulator
		Release|x86 = Release|x86
	EndGlobalSection
	GlobalSection(ProjectConfigurationPlatforms) = postSolution
		{7BFFDD16-8174-491A-B3D8-D0729E9758B0}.Ad-Hoc|Any CPU.ActiveCfg = Release|Any CPU
		{7BFFDD16-8174-491A-B3D8-D0729E9758B0}.Ad-Hoc|Any CPU.Build.0 = Release|Any CPU
		{7BFFDD16-8174-491A-B3D8-D0729E9758B0}.Ad-Hoc|iPhone.ActiveCfg = Release|Any CPU
		{7BFFDD16-8174-491A-B3D8-D0729E9758B0}.Ad-Hoc|iPhone.Build.0 = Release|Any CPU
		{7BFFDD16-8174-491A-B3D8-D0729E9758B0}.Ad-Hoc|iPhoneSimulator.ActiveCfg = Release|Any CPU
		{7BFFDD16-8174-491A-B3D8-D0729E9758B0}.Ad-Hoc|iPhoneSimulator.Build.0 = Release|Any CPU
		{7BFFDD16-8174-491A-B3D8-D0729E9758B0}.Ad-Hoc|x86.ActiveCfg = Release|Any CPU
		{7BFFDD16-8174-491A-B3D8-D0729E9758B0}.Ad-Hoc|x86.Build.0 = Release|Any CPU
		{7BFFDD16-8174-491A-B3D8-D0729E9758B0}.AppStore|Any CPU.ActiveCfg = Release|Any CPU
		{7BFFDD16-8174-491A-B3D8-D0729E9758B0}.AppStore|Any CPU.Build.0 = Release|Any CPU
		{7BFFDD16-8174-491A-B3D8-D0729E9758B0}.AppStore|iPhone.ActiveCfg = Release|Any CPU
		{7BFFDD16-8174-491A-B3D8-D0729E9758B0}.AppStore|iPhone.Build.0 = Release|Any CPU
		{7BFFDD16-8174-491A-B3D8-D0729E9758B0}.AppStore|iPhoneSimulator.ActiveCfg = Release|Any CPU
		{7BFFDD16-8174-491A-B3D8-D0729E9758B0}.AppStore|iPhoneSimulator.Build.0 = Release|Any CPU
		{7BFFDD16-8174-491A-B3D8-D0729E9758B0}.AppStore|x86.ActiveCfg = Release|Any CPU
		{7BFFDD16-8174-491A-B3D8-D0729E9758B0}.AppStore|x86.Build.0 = Release|Any CPU
		{7BFFDD16-8174-491A-B3D8-D0729E9758B0}.Debug|Any CPU.ActiveCfg = Debug|Any CPU
		{7BFFDD16-8174-491A-B3D8-D0729E9758B0}.Debug|Any CPU.Build.0 = Debug|Any CPU
		{7BFFDD16-8174-491A-B3D8-D0729E9758B0}.Debug|iPhone.ActiveCfg = Debug|Any CPU
		{7BFFDD16-8174-491A-B3D8-D0729E9758B0}.Debug|iPhone.Build.0 = Debug|Any CPU
		{7BFFDD16-8174-491A-B3D8-D0729E9758B0}.Debug|iPhoneSimulator.ActiveCfg = Debug|Any CPU
		{7BFFDD16-8174-491A-B3D8-D0729E9758B0}.Debug|iPhoneSimulator.Build.0 = Debug|Any CPU
		{7BFFDD16-8174-491A-B3D8-D0729E9758B0}.Debug|x86.ActiveCfg = Debug|Any CPU
		{7BFFDD16-8174-491A-B3D8-D0729E9758B0}.Debug|x86.Build.0 = Debug|Any CPU
		{7BFFDD16-8174-491A-B3D8-D0729E9758B0}.Release|Any CPU.ActiveCfg = Release|Any CPU
		{7BFFDD16-8174-491A-B3D8-D0729E9758B0}.Release|Any CPU.Build.0 = Release|Any CPU
		{7BFFDD16-8174-491A-B3D8-D0729E9758B0}.Release|iPhone.ActiveCfg = Release|Any CPU
		{7BFFDD16-8174-491A-B3D8-D0729E9758B0}.Release|iPhone.Build.0 = Release|Any CPU
		{7BFFDD16-8174-491A-B3D8-D0729E9758B0}.Release|iPhoneSimulator.ActiveCfg = Release|Any CPU
		{7BFFDD16-8174-491A-B3D8-D0729E9758B0}.Release|iPhoneSimulator.Build.0 = Release|Any CPU
		{7BFFDD16-8174-491A-B3D8-D0729E9758B0}.Release|x86.ActiveCfg = Release|Any CPU
		{7BFFDD16-8174-491A-B3D8-D0729E9758B0}.Release|x86.Build.0 = Release|Any CPU
		{D17C5B38-90C3-4041-AB39-7F292D9EAC20}.Ad-Hoc|Any CPU.ActiveCfg = Release|Any CPU
		{D17C5B38-90C3-4041-AB39-7F292D9EAC20}.Ad-Hoc|Any CPU.Build.0 = Release|Any CPU
		{D17C5B38-90C3-4041-AB39-7F292D9EAC20}.Ad-Hoc|iPhone.ActiveCfg = Release|Any CPU
		{D17C5B38-90C3-4041-AB39-7F292D9EAC20}.Ad-Hoc|iPhone.Build.0 = Release|Any CPU
		{D17C5B38-90C3-4041-AB39-7F292D9EAC20}.Ad-Hoc|iPhoneSimulator.ActiveCfg = Release|Any CPU
		{D17C5B38-90C3-4041-AB39-7F292D9EAC20}.Ad-Hoc|iPhoneSimulator.Build.0 = Release|Any CPU
		{D17C5B38-90C3-4041-AB39-7F292D9EAC20}.Ad-Hoc|x86.ActiveCfg = Release|Any CPU
		{D17C5B38-90C3-4041-AB39-7F292D9EAC20}.Ad-Hoc|x86.Build.0 = Release|Any CPU
		{D17C5B38-90C3-4041-AB39-7F292D9EAC20}.AppStore|Any CPU.ActiveCfg = Release|Any CPU
		{D17C5B38-90C3-4041-AB39-7F292D9EAC20}.AppStore|Any CPU.Build.0 = Release|Any CPU
		{D17C5B38-90C3-4041-AB39-7F292D9EAC20}.AppStore|iPhone.ActiveCfg = Release|Any CPU
		{D17C5B38-90C3-4041-AB39-7F292D9EAC20}.AppStore|iPhone.Build.0 = Release|Any CPU
		{D17C5B38-90C3-4041-AB39-7F292D9EAC20}.AppStore|iPhoneSimulator.ActiveCfg = Release|Any CPU
		{D17C5B38-90C3-4041-AB39-7F292D9EAC20}.AppStore|iPhoneSimulator.Build.0 = Release|Any CPU
		{D17C5B38-90C3-4041-AB39-7F292D9EAC20}.AppStore|x86.ActiveCfg = Release|Any CPU
		{D17C5B38-90C3-4041-AB39-7F292D9EAC20}.AppStore|x86.Build.0 = Release|Any CPU
		{D17C5B38-90C3-4041-AB39-7F292D9EAC20}.Debug|Any CPU.ActiveCfg = Debug|Any CPU
		{D17C5B38-90C3-4041-AB39-7F292D9EAC20}.Debug|Any CPU.Build.0 = Debug|Any CPU
		{D17C5B38-90C3-4041-AB39-7F292D9EAC20}.Debug|iPhone.ActiveCfg = Debug|Any CPU
		{D17C5B38-90C3-4041-AB39-7F292D9EAC20}.Debug|iPhone.Build.0 = Debug|Any CPU
		{D17C5B38-90C3-4041-AB39-7F292D9EAC20}.Debug|iPhoneSimulator.ActiveCfg = Debug|Any CPU
		{D17C5B38-90C3-4041-AB39-7F292D9EAC20}.Debug|iPhoneSimulator.Build.0 = Debug|Any CPU
		{D17C5B38-90C3-4041-AB39-7F292D9EAC20}.Debug|x86.ActiveCfg = Debug|Any CPU
		{D17C5B38-90C3-4041-AB39-7F292D9EAC20}.Debug|x86.Build.0 = Debug|Any CPU
		{D17C5B38-90C3-4041-AB39-7F292D9EAC20}.Release|Any CPU.ActiveCfg = Release|Any CPU
		{D17C5B38-90C3-4041-AB39-7F292D9EAC20}.Release|Any CPU.Build.0 = Release|Any CPU
		{D17C5B38-90C3-4041-AB39-7F292D9EAC20}.Release|iPhone.ActiveCfg = Release|Any CPU
		{D17C5B38-90C3-4041-AB39-7F292D9EAC20}.Release|iPhone.Build.0 = Release|Any CPU
		{D17C5B38-90C3-4041-AB39-7F292D9EAC20}.Release|iPhoneSimulator.ActiveCfg = Release|Any CPU
		{D17C5B38-90C3-4041-AB39-7F292D9EAC20}.Release|iPhoneSimulator.Build.0 = Release|Any CPU
		{D17C5B38-90C3-4041-AB39-7F292D9EAC20}.Release|x86.ActiveCfg = Release|Any CPU
		{D17C5B38-90C3-4041-AB39-7F292D9EAC20}.Release|x86.Build.0 = Release|Any CPU
		{D4FA91BF-60FB-401F-9CA3-14BFCABC7252}.Ad-Hoc|Any CPU.ActiveCfg = Debug|Any CPU
		{D4FA91BF-60FB-401F-9CA3-14BFCABC7252}.Ad-Hoc|Any CPU.Build.0 = Debug|Any CPU
		{D4FA91BF-60FB-401F-9CA3-14BFCABC7252}.Ad-Hoc|iPhone.ActiveCfg = Debug|Any CPU
		{D4FA91BF-60FB-401F-9CA3-14BFCABC7252}.Ad-Hoc|iPhone.Build.0 = Debug|Any CPU
		{D4FA91BF-60FB-401F-9CA3-14BFCABC7252}.Ad-Hoc|iPhoneSimulator.ActiveCfg = Debug|Any CPU
		{D4FA91BF-60FB-401F-9CA3-14BFCABC7252}.Ad-Hoc|iPhoneSimulator.Build.0 = Debug|Any CPU
		{D4FA91BF-60FB-401F-9CA3-14BFCABC7252}.Ad-Hoc|x86.ActiveCfg = Debug|Any CPU
		{D4FA91BF-60FB-401F-9CA3-14BFCABC7252}.Ad-Hoc|x86.Build.0 = Debug|Any CPU
		{D4FA91BF-60FB-401F-9CA3-14BFCABC7252}.AppStore|Any CPU.ActiveCfg = Debug|Any CPU
		{D4FA91BF-60FB-401F-9CA3-14BFCABC7252}.AppStore|Any CPU.Build.0 = Debug|Any CPU
		{D4FA91BF-60FB-401F-9CA3-14BFCABC7252}.AppStore|iPhone.ActiveCfg = Debug|Any CPU
		{D4FA91BF-60FB-401F-9CA3-14BFCABC7252}.AppStore|iPhone.Build.0 = Debug|Any CPU
		{D4FA91BF-60FB-401F-9CA3-14BFCABC7252}.AppStore|iPhoneSimulator.ActiveCfg = Debug|Any CPU
		{D4FA91BF-60FB-401F-9CA3-14BFCABC7252}.AppStore|iPhoneSimulator.Build.0 = Debug|Any CPU
		{D4FA91BF-60FB-401F-9CA3-14BFCABC7252}.AppStore|x86.ActiveCfg = Debug|Any CPU
		{D4FA91BF-60FB-401F-9CA3-14BFCABC7252}.AppStore|x86.Build.0 = Debug|Any CPU
		{D4FA91BF-60FB-401F-9CA3-14BFCABC7252}.Debug|Any CPU.ActiveCfg = Debug|Any CPU
		{D4FA91BF-60FB-401F-9CA3-14BFCABC7252}.Debug|Any CPU.Build.0 = Debug|Any CPU
		{D4FA91BF-60FB-401F-9CA3-14BFCABC7252}.Debug|iPhone.ActiveCfg = Debug|Any CPU
		{D4FA91BF-60FB-401F-9CA3-14BFCABC7252}.Debug|iPhone.Build.0 = Debug|Any CPU
		{D4FA91BF-60FB-401F-9CA3-14BFCABC7252}.Debug|iPhoneSimulator.ActiveCfg = Debug|Any CPU
		{D4FA91BF-60FB-401F-9CA3-14BFCABC7252}.Debug|iPhoneSimulator.Build.0 = Debug|Any CPU
		{D4FA91BF-60FB-401F-9CA3-14BFCABC7252}.Debug|x86.ActiveCfg = Debug|Any CPU
		{D4FA91BF-60FB-401F-9CA3-14BFCABC7252}.Debug|x86.Build.0 = Debug|Any CPU
		{D4FA91BF-60FB-401F-9CA3-14BFCABC7252}.Release|Any CPU.ActiveCfg = Release|Any CPU
		{D4FA91BF-60FB-401F-9CA3-14BFCABC7252}.Release|Any CPU.Build.0 = Release|Any CPU
		{D4FA91BF-60FB-401F-9CA3-14BFCABC7252}.Release|iPhone.ActiveCfg = Release|Any CPU
		{D4FA91BF-60FB-401F-9CA3-14BFCABC7252}.Release|iPhone.Build.0 = Release|Any CPU
		{D4FA91BF-60FB-401F-9CA3-14BFCABC7252}.Release|iPhoneSimulator.ActiveCfg = Release|Any CPU
		{D4FA91BF-60FB-401F-9CA3-14BFCABC7252}.Release|iPhoneSimulator.Build.0 = Release|Any CPU
		{D4FA91BF-60FB-401F-9CA3-14BFCABC7252}.Release|x86.ActiveCfg = Release|Any CPU
		{D4FA91BF-60FB-401F-9CA3-14BFCABC7252}.Release|x86.Build.0 = Release|Any CPU
		{E51AEAAB-ECB0-442B-86D8-A5D669D88FF7}.Ad-Hoc|Any CPU.ActiveCfg = Release|Any CPU
		{E51AEAAB-ECB0-442B-86D8-A5D669D88FF7}.Ad-Hoc|Any CPU.Build.0 = Release|Any CPU
		{E51AEAAB-ECB0-442B-86D8-A5D669D88FF7}.Ad-Hoc|Any CPU.Deploy.0 = Release|Any CPU
		{E51AEAAB-ECB0-442B-86D8-A5D669D88FF7}.Ad-Hoc|iPhone.ActiveCfg = Release|Any CPU
		{E51AEAAB-ECB0-442B-86D8-A5D669D88FF7}.Ad-Hoc|iPhone.Build.0 = Release|Any CPU
		{E51AEAAB-ECB0-442B-86D8-A5D669D88FF7}.Ad-Hoc|iPhone.Deploy.0 = Release|Any CPU
		{E51AEAAB-ECB0-442B-86D8-A5D669D88FF7}.Ad-Hoc|iPhoneSimulator.ActiveCfg = Release|Any CPU
		{E51AEAAB-ECB0-442B-86D8-A5D669D88FF7}.Ad-Hoc|iPhoneSimulator.Build.0 = Release|Any CPU
		{E51AEAAB-ECB0-442B-86D8-A5D669D88FF7}.Ad-Hoc|iPhoneSimulator.Deploy.0 = Release|Any CPU
		{E51AEAAB-ECB0-442B-86D8-A5D669D88FF7}.Ad-Hoc|x86.ActiveCfg = Release|Any CPU
		{E51AEAAB-ECB0-442B-86D8-A5D669D88FF7}.Ad-Hoc|x86.Build.0 = Release|Any CPU
		{E51AEAAB-ECB0-442B-86D8-A5D669D88FF7}.Ad-Hoc|x86.Deploy.0 = Release|Any CPU
		{E51AEAAB-ECB0-442B-86D8-A5D669D88FF7}.AppStore|Any CPU.ActiveCfg = Release|Any CPU
		{E51AEAAB-ECB0-442B-86D8-A5D669D88FF7}.AppStore|Any CPU.Build.0 = Release|Any CPU
		{E51AEAAB-ECB0-442B-86D8-A5D669D88FF7}.AppStore|Any CPU.Deploy.0 = Release|Any CPU
		{E51AEAAB-ECB0-442B-86D8-A5D669D88FF7}.AppStore|iPhone.ActiveCfg = Release|Any CPU
		{E51AEAAB-ECB0-442B-86D8-A5D669D88FF7}.AppStore|iPhone.Build.0 = Release|Any CPU
		{E51AEAAB-ECB0-442B-86D8-A5D669D88FF7}.AppStore|iPhone.Deploy.0 = Release|Any CPU
		{E51AEAAB-ECB0-442B-86D8-A5D669D88FF7}.AppStore|iPhoneSimulator.ActiveCfg = Release|Any CPU
		{E51AEAAB-ECB0-442B-86D8-A5D669D88FF7}.AppStore|iPhoneSimulator.Build.0 = Release|Any CPU
		{E51AEAAB-ECB0-442B-86D8-A5D669D88FF7}.AppStore|iPhoneSimulator.Deploy.0 = Release|Any CPU
		{E51AEAAB-ECB0-442B-86D8-A5D669D88FF7}.AppStore|x86.ActiveCfg = Release|Any CPU
		{E51AEAAB-ECB0-442B-86D8-A5D669D88FF7}.AppStore|x86.Build.0 = Release|Any CPU
		{E51AEAAB-ECB0-442B-86D8-A5D669D88FF7}.AppStore|x86.Deploy.0 = Release|Any CPU
		{E51AEAAB-ECB0-442B-86D8-A5D669D88FF7}.Debug|Any CPU.ActiveCfg = Debug|Any CPU
		{E51AEAAB-ECB0-442B-86D8-A5D669D88FF7}.Debug|Any CPU.Build.0 = Debug|Any CPU
		{E51AEAAB-ECB0-442B-86D8-A5D669D88FF7}.Debug|Any CPU.Deploy.0 = Debug|Any CPU
		{E51AEAAB-ECB0-442B-86D8-A5D669D88FF7}.Debug|iPhone.ActiveCfg = Debug|Any CPU
		{E51AEAAB-ECB0-442B-86D8-A5D669D88FF7}.Debug|iPhone.Build.0 = Debug|Any CPU
		{E51AEAAB-ECB0-442B-86D8-A5D669D88FF7}.Debug|iPhone.Deploy.0 = Debug|Any CPU
		{E51AEAAB-ECB0-442B-86D8-A5D669D88FF7}.Debug|iPhoneSimulator.ActiveCfg = Debug|Any CPU
		{E51AEAAB-ECB0-442B-86D8-A5D669D88FF7}.Debug|iPhoneSimulator.Build.0 = Debug|Any CPU
		{E51AEAAB-ECB0-442B-86D8-A5D669D88FF7}.Debug|iPhoneSimulator.Deploy.0 = Debug|Any CPU
		{E51AEAAB-ECB0-442B-86D8-A5D669D88FF7}.Debug|x86.ActiveCfg = Debug|Any CPU
		{E51AEAAB-ECB0-442B-86D8-A5D669D88FF7}.Debug|x86.Build.0 = Debug|Any CPU
		{E51AEAAB-ECB0-442B-86D8-A5D669D88FF7}.Debug|x86.Deploy.0 = Debug|Any CPU
		{E51AEAAB-ECB0-442B-86D8-A5D669D88FF7}.Release|Any CPU.ActiveCfg = Release|Any CPU
		{E51AEAAB-ECB0-442B-86D8-A5D669D88FF7}.Release|Any CPU.Build.0 = Release|Any CPU
		{E51AEAAB-ECB0-442B-86D8-A5D669D88FF7}.Release|Any CPU.Deploy.0 = Release|Any CPU
		{E51AEAAB-ECB0-442B-86D8-A5D669D88FF7}.Release|iPhone.ActiveCfg = Release|Any CPU
		{E51AEAAB-ECB0-442B-86D8-A5D669D88FF7}.Release|iPhone.Build.0 = Release|Any CPU
		{E51AEAAB-ECB0-442B-86D8-A5D669D88FF7}.Release|iPhone.Deploy.0 = Release|Any CPU
		{E51AEAAB-ECB0-442B-86D8-A5D669D88FF7}.Release|iPhoneSimulator.ActiveCfg = Release|Any CPU
		{E51AEAAB-ECB0-442B-86D8-A5D669D88FF7}.Release|iPhoneSimulator.Build.0 = Release|Any CPU
		{E51AEAAB-ECB0-442B-86D8-A5D669D88FF7}.Release|iPhoneSimulator.Deploy.0 = Release|Any CPU
		{E51AEAAB-ECB0-442B-86D8-A5D669D88FF7}.Release|x86.ActiveCfg = Release|Any CPU
		{E51AEAAB-ECB0-442B-86D8-A5D669D88FF7}.Release|x86.Build.0 = Release|Any CPU
		{E51AEAAB-ECB0-442B-86D8-A5D669D88FF7}.Release|x86.Deploy.0 = Release|Any CPU
		{C5A5CFF3-CB79-41BD-BEFA-170A9914305A}.Ad-Hoc|Any CPU.ActiveCfg = Ad-Hoc|iPhone
		{C5A5CFF3-CB79-41BD-BEFA-170A9914305A}.Ad-Hoc|iPhone.ActiveCfg = Ad-Hoc|iPhone
		{C5A5CFF3-CB79-41BD-BEFA-170A9914305A}.Ad-Hoc|iPhone.Build.0 = Ad-Hoc|iPhone
		{C5A5CFF3-CB79-41BD-BEFA-170A9914305A}.Ad-Hoc|iPhoneSimulator.ActiveCfg = Ad-Hoc|iPhoneSimulator
		{C5A5CFF3-CB79-41BD-BEFA-170A9914305A}.Ad-Hoc|iPhoneSimulator.Build.0 = Ad-Hoc|iPhoneSimulator
		{C5A5CFF3-CB79-41BD-BEFA-170A9914305A}.Ad-Hoc|x86.ActiveCfg = Ad-Hoc|iPhone
		{C5A5CFF3-CB79-41BD-BEFA-170A9914305A}.AppStore|Any CPU.ActiveCfg = AppStore|iPhone
		{C5A5CFF3-CB79-41BD-BEFA-170A9914305A}.AppStore|iPhone.ActiveCfg = AppStore|iPhone
		{C5A5CFF3-CB79-41BD-BEFA-170A9914305A}.AppStore|iPhone.Build.0 = AppStore|iPhone
		{C5A5CFF3-CB79-41BD-BEFA-170A9914305A}.AppStore|iPhoneSimulator.ActiveCfg = AppStore|iPhoneSimulator
		{C5A5CFF3-CB79-41BD-BEFA-170A9914305A}.AppStore|iPhoneSimulator.Build.0 = AppStore|iPhoneSimulator
		{C5A5CFF3-CB79-41BD-BEFA-170A9914305A}.AppStore|x86.ActiveCfg = AppStore|iPhone
		{C5A5CFF3-CB79-41BD-BEFA-170A9914305A}.Debug|Any CPU.ActiveCfg = Debug|iPhone
		{C5A5CFF3-CB79-41BD-BEFA-170A9914305A}.Debug|iPhone.ActiveCfg = Debug|iPhone
		{C5A5CFF3-CB79-41BD-BEFA-170A9914305A}.Debug|iPhone.Build.0 = Debug|iPhone
		{C5A5CFF3-CB79-41BD-BEFA-170A9914305A}.Debug|iPhoneSimulator.ActiveCfg = Debug|iPhoneSimulator
		{C5A5CFF3-CB79-41BD-BEFA-170A9914305A}.Debug|iPhoneSimulator.Build.0 = Debug|iPhoneSimulator
		{C5A5CFF3-CB79-41BD-BEFA-170A9914305A}.Debug|x86.ActiveCfg = Debug|iPhone
		{C5A5CFF3-CB79-41BD-BEFA-170A9914305A}.Release|Any CPU.ActiveCfg = Release|iPhone
		{C5A5CFF3-CB79-41BD-BEFA-170A9914305A}.Release|iPhone.ActiveCfg = Release|iPhone
		{C5A5CFF3-CB79-41BD-BEFA-170A9914305A}.Release|iPhone.Build.0 = Release|iPhone
		{C5A5CFF3-CB79-41BD-BEFA-170A9914305A}.Release|iPhoneSimulator.ActiveCfg = Release|iPhoneSimulator
		{C5A5CFF3-CB79-41BD-BEFA-170A9914305A}.Release|iPhoneSimulator.Build.0 = Release|iPhoneSimulator
		{C5A5CFF3-CB79-41BD-BEFA-170A9914305A}.Release|x86.ActiveCfg = Release|iPhone
		{60357709-3E62-4612-9C2D-29F0DBDD5929}.Ad-Hoc|Any CPU.ActiveCfg = Release|Any CPU
		{60357709-3E62-4612-9C2D-29F0DBDD5929}.Ad-Hoc|Any CPU.Build.0 = Release|Any CPU
		{60357709-3E62-4612-9C2D-29F0DBDD5929}.Ad-Hoc|iPhone.ActiveCfg = Release|Any CPU
		{60357709-3E62-4612-9C2D-29F0DBDD5929}.Ad-Hoc|iPhone.Build.0 = Release|Any CPU
		{60357709-3E62-4612-9C2D-29F0DBDD5929}.Ad-Hoc|iPhoneSimulator.ActiveCfg = Release|Any CPU
		{60357709-3E62-4612-9C2D-29F0DBDD5929}.Ad-Hoc|iPhoneSimulator.Build.0 = Release|Any CPU
		{60357709-3E62-4612-9C2D-29F0DBDD5929}.Ad-Hoc|x86.ActiveCfg = Release|Any CPU
		{60357709-3E62-4612-9C2D-29F0DBDD5929}.Ad-Hoc|x86.Build.0 = Release|Any CPU
		{60357709-3E62-4612-9C2D-29F0DBDD5929}.AppStore|Any CPU.ActiveCfg = Release|Any CPU
		{60357709-3E62-4612-9C2D-29F0DBDD5929}.AppStore|Any CPU.Build.0 = Release|Any CPU
		{60357709-3E62-4612-9C2D-29F0DBDD5929}.AppStore|iPhone.ActiveCfg = Release|Any CPU
		{60357709-3E62-4612-9C2D-29F0DBDD5929}.AppStore|iPhone.Build.0 = Release|Any CPU
		{60357709-3E62-4612-9C2D-29F0DBDD5929}.AppStore|iPhoneSimulator.ActiveCfg = Release|Any CPU
		{60357709-3E62-4612-9C2D-29F0DBDD5929}.AppStore|iPhoneSimulator.Build.0 = Release|Any CPU
		{60357709-3E62-4612-9C2D-29F0DBDD5929}.AppStore|x86.ActiveCfg = Release|Any CPU
		{60357709-3E62-4612-9C2D-29F0DBDD5929}.AppStore|x86.Build.0 = Release|Any CPU
		{60357709-3E62-4612-9C2D-29F0DBDD5929}.Debug|Any CPU.ActiveCfg = Debug|Any CPU
		{60357709-3E62-4612-9C2D-29F0DBDD5929}.Debug|Any CPU.Build.0 = Debug|Any CPU
		{60357709-3E62-4612-9C2D-29F0DBDD5929}.Debug|iPhone.ActiveCfg = Debug|Any CPU
		{60357709-3E62-4612-9C2D-29F0DBDD5929}.Debug|iPhone.Build.0 = Debug|Any CPU
		{60357709-3E62-4612-9C2D-29F0DBDD5929}.Debug|iPhoneSimulator.ActiveCfg = Debug|Any CPU
		{60357709-3E62-4612-9C2D-29F0DBDD5929}.Debug|iPhoneSimulator.Build.0 = Debug|Any CPU
		{60357709-3E62-4612-9C2D-29F0DBDD5929}.Debug|x86.ActiveCfg = Debug|Any CPU
		{60357709-3E62-4612-9C2D-29F0DBDD5929}.Debug|x86.Build.0 = Debug|Any CPU
		{60357709-3E62-4612-9C2D-29F0DBDD5929}.Release|Any CPU.ActiveCfg = Release|Any CPU
		{60357709-3E62-4612-9C2D-29F0DBDD5929}.Release|Any CPU.Build.0 = Release|Any CPU
		{60357709-3E62-4612-9C2D-29F0DBDD5929}.Release|iPhone.ActiveCfg = Release|Any CPU
		{60357709-3E62-4612-9C2D-29F0DBDD5929}.Release|iPhone.Build.0 = Release|Any CPU
		{60357709-3E62-4612-9C2D-29F0DBDD5929}.Release|iPhoneSimulator.ActiveCfg = Release|Any CPU
		{60357709-3E62-4612-9C2D-29F0DBDD5929}.Release|iPhoneSimulator.Build.0 = Release|Any CPU
		{60357709-3E62-4612-9C2D-29F0DBDD5929}.Release|x86.ActiveCfg = Release|Any CPU
		{60357709-3E62-4612-9C2D-29F0DBDD5929}.Release|x86.Build.0 = Release|Any CPU
		{1945CD82-3275-45AE-A6C4-7C2EB493FD7F}.Ad-Hoc|Any CPU.ActiveCfg = Release|Any CPU
		{1945CD82-3275-45AE-A6C4-7C2EB493FD7F}.Ad-Hoc|Any CPU.Build.0 = Release|Any CPU
		{1945CD82-3275-45AE-A6C4-7C2EB493FD7F}.Ad-Hoc|iPhone.ActiveCfg = Release|Any CPU
		{1945CD82-3275-45AE-A6C4-7C2EB493FD7F}.Ad-Hoc|iPhone.Build.0 = Release|Any CPU
		{1945CD82-3275-45AE-A6C4-7C2EB493FD7F}.Ad-Hoc|iPhoneSimulator.ActiveCfg = Release|Any CPU
		{1945CD82-3275-45AE-A6C4-7C2EB493FD7F}.Ad-Hoc|iPhoneSimulator.Build.0 = Release|Any CPU
		{1945CD82-3275-45AE-A6C4-7C2EB493FD7F}.Ad-Hoc|x86.ActiveCfg = Release|Any CPU
		{1945CD82-3275-45AE-A6C4-7C2EB493FD7F}.Ad-Hoc|x86.Build.0 = Release|Any CPU
		{1945CD82-3275-45AE-A6C4-7C2EB493FD7F}.AppStore|Any CPU.ActiveCfg = Release|Any CPU
		{1945CD82-3275-45AE-A6C4-7C2EB493FD7F}.AppStore|Any CPU.Build.0 = Release|Any CPU
		{1945CD82-3275-45AE-A6C4-7C2EB493FD7F}.AppStore|iPhone.ActiveCfg = Release|Any CPU
		{1945CD82-3275-45AE-A6C4-7C2EB493FD7F}.AppStore|iPhone.Build.0 = Release|Any CPU
		{1945CD82-3275-45AE-A6C4-7C2EB493FD7F}.AppStore|iPhoneSimulator.ActiveCfg = Release|Any CPU
		{1945CD82-3275-45AE-A6C4-7C2EB493FD7F}.AppStore|iPhoneSimulator.Build.0 = Release|Any CPU
		{1945CD82-3275-45AE-A6C4-7C2EB493FD7F}.AppStore|x86.ActiveCfg = Release|Any CPU
		{1945CD82-3275-45AE-A6C4-7C2EB493FD7F}.AppStore|x86.Build.0 = Release|Any CPU
		{1945CD82-3275-45AE-A6C4-7C2EB493FD7F}.Debug|Any CPU.ActiveCfg = Debug|Any CPU
		{1945CD82-3275-45AE-A6C4-7C2EB493FD7F}.Debug|Any CPU.Build.0 = Debug|Any CPU
		{1945CD82-3275-45AE-A6C4-7C2EB493FD7F}.Debug|iPhone.ActiveCfg = Debug|Any CPU
		{1945CD82-3275-45AE-A6C4-7C2EB493FD7F}.Debug|iPhone.Build.0 = Debug|Any CPU
		{1945CD82-3275-45AE-A6C4-7C2EB493FD7F}.Debug|iPhoneSimulator.ActiveCfg = Debug|Any CPU
		{1945CD82-3275-45AE-A6C4-7C2EB493FD7F}.Debug|iPhoneSimulator.Build.0 = Debug|Any CPU
		{1945CD82-3275-45AE-A6C4-7C2EB493FD7F}.Debug|x86.ActiveCfg = Debug|Any CPU
		{1945CD82-3275-45AE-A6C4-7C2EB493FD7F}.Debug|x86.Build.0 = Debug|Any CPU
		{1945CD82-3275-45AE-A6C4-7C2EB493FD7F}.Release|Any CPU.ActiveCfg = Release|Any CPU
		{1945CD82-3275-45AE-A6C4-7C2EB493FD7F}.Release|Any CPU.Build.0 = Release|Any CPU
		{1945CD82-3275-45AE-A6C4-7C2EB493FD7F}.Release|iPhone.ActiveCfg = Release|Any CPU
		{1945CD82-3275-45AE-A6C4-7C2EB493FD7F}.Release|iPhone.Build.0 = Release|Any CPU
		{1945CD82-3275-45AE-A6C4-7C2EB493FD7F}.Release|iPhoneSimulator.ActiveCfg = Release|Any CPU
		{1945CD82-3275-45AE-A6C4-7C2EB493FD7F}.Release|iPhoneSimulator.Build.0 = Release|Any CPU
		{1945CD82-3275-45AE-A6C4-7C2EB493FD7F}.Release|x86.ActiveCfg = Release|Any CPU
		{1945CD82-3275-45AE-A6C4-7C2EB493FD7F}.Release|x86.Build.0 = Release|Any CPU
		{9844C24D-E1B4-497C-A145-37AC3DBACCAA}.Ad-Hoc|Any CPU.ActiveCfg = Release|x86
		{9844C24D-E1B4-497C-A145-37AC3DBACCAA}.Ad-Hoc|Any CPU.Build.0 = Release|x86
		{9844C24D-E1B4-497C-A145-37AC3DBACCAA}.Ad-Hoc|iPhone.ActiveCfg = Release|x86
		{9844C24D-E1B4-497C-A145-37AC3DBACCAA}.Ad-Hoc|iPhone.Build.0 = Release|x86
		{9844C24D-E1B4-497C-A145-37AC3DBACCAA}.Ad-Hoc|iPhoneSimulator.ActiveCfg = Release|x86
		{9844C24D-E1B4-497C-A145-37AC3DBACCAA}.Ad-Hoc|iPhoneSimulator.Build.0 = Release|x86
		{9844C24D-E1B4-497C-A145-37AC3DBACCAA}.Ad-Hoc|x86.ActiveCfg = Release|x86
		{9844C24D-E1B4-497C-A145-37AC3DBACCAA}.Ad-Hoc|x86.Build.0 = Release|x86
		{9844C24D-E1B4-497C-A145-37AC3DBACCAA}.AppStore|Any CPU.ActiveCfg = Release|x86
		{9844C24D-E1B4-497C-A145-37AC3DBACCAA}.AppStore|Any CPU.Build.0 = Release|x86
		{9844C24D-E1B4-497C-A145-37AC3DBACCAA}.AppStore|iPhone.ActiveCfg = Release|x86
		{9844C24D-E1B4-497C-A145-37AC3DBACCAA}.AppStore|iPhone.Build.0 = Release|x86
		{9844C24D-E1B4-497C-A145-37AC3DBACCAA}.AppStore|iPhoneSimulator.ActiveCfg = Release|x86
		{9844C24D-E1B4-497C-A145-37AC3DBACCAA}.AppStore|iPhoneSimulator.Build.0 = Release|x86
		{9844C24D-E1B4-497C-A145-37AC3DBACCAA}.AppStore|x86.ActiveCfg = Release|x86
		{9844C24D-E1B4-497C-A145-37AC3DBACCAA}.AppStore|x86.Build.0 = Release|x86
		{9844C24D-E1B4-497C-A145-37AC3DBACCAA}.Debug|Any CPU.ActiveCfg = Debug|x86
		{9844C24D-E1B4-497C-A145-37AC3DBACCAA}.Debug|iPhone.ActiveCfg = Debug|x86
		{9844C24D-E1B4-497C-A145-37AC3DBACCAA}.Debug|iPhoneSimulator.ActiveCfg = Debug|x86
		{9844C24D-E1B4-497C-A145-37AC3DBACCAA}.Debug|x86.ActiveCfg = Debug|x86
		{9844C24D-E1B4-497C-A145-37AC3DBACCAA}.Debug|x86.Build.0 = Debug|x86
		{9844C24D-E1B4-497C-A145-37AC3DBACCAA}.Release|Any CPU.ActiveCfg = Release|x86
		{9844C24D-E1B4-497C-A145-37AC3DBACCAA}.Release|iPhone.ActiveCfg = Release|x86
		{9844C24D-E1B4-497C-A145-37AC3DBACCAA}.Release|iPhoneSimulator.ActiveCfg = Release|x86
		{9844C24D-E1B4-497C-A145-37AC3DBACCAA}.Release|x86.ActiveCfg = Release|x86
		{9844C24D-E1B4-497C-A145-37AC3DBACCAA}.Release|x86.Build.0 = Release|x86
		{F610BF75-3426-42CE-B2AD-0422B209547B}.Ad-Hoc|Any CPU.ActiveCfg = Release|x86
		{F610BF75-3426-42CE-B2AD-0422B209547B}.Ad-Hoc|Any CPU.Build.0 = Release|x86
		{F610BF75-3426-42CE-B2AD-0422B209547B}.Ad-Hoc|iPhone.ActiveCfg = Release|x86
		{F610BF75-3426-42CE-B2AD-0422B209547B}.Ad-Hoc|iPhone.Build.0 = Release|x86
		{F610BF75-3426-42CE-B2AD-0422B209547B}.Ad-Hoc|iPhoneSimulator.ActiveCfg = Release|x86
		{F610BF75-3426-42CE-B2AD-0422B209547B}.Ad-Hoc|iPhoneSimulator.Build.0 = Release|x86
		{F610BF75-3426-42CE-B2AD-0422B209547B}.Ad-Hoc|x86.ActiveCfg = Release|x86
		{F610BF75-3426-42CE-B2AD-0422B209547B}.Ad-Hoc|x86.Build.0 = Release|x86
		{F610BF75-3426-42CE-B2AD-0422B209547B}.AppStore|Any CPU.ActiveCfg = Release|x86
		{F610BF75-3426-42CE-B2AD-0422B209547B}.AppStore|Any CPU.Build.0 = Release|x86
		{F610BF75-3426-42CE-B2AD-0422B209547B}.AppStore|iPhone.ActiveCfg = Release|x86
		{F610BF75-3426-42CE-B2AD-0422B209547B}.AppStore|iPhone.Build.0 = Release|x86
		{F610BF75-3426-42CE-B2AD-0422B209547B}.AppStore|iPhoneSimulator.ActiveCfg = Release|x86
		{F610BF75-3426-42CE-B2AD-0422B209547B}.AppStore|iPhoneSimulator.Build.0 = Release|x86
		{F610BF75-3426-42CE-B2AD-0422B209547B}.AppStore|x86.ActiveCfg = Release|x86
		{F610BF75-3426-42CE-B2AD-0422B209547B}.AppStore|x86.Build.0 = Release|x86
		{F610BF75-3426-42CE-B2AD-0422B209547B}.Debug|Any CPU.ActiveCfg = Debug|x86
		{F610BF75-3426-42CE-B2AD-0422B209547B}.Debug|iPhone.ActiveCfg = Debug|x86
		{F610BF75-3426-42CE-B2AD-0422B209547B}.Debug|iPhoneSimulator.ActiveCfg = Debug|x86
		{F610BF75-3426-42CE-B2AD-0422B209547B}.Debug|x86.ActiveCfg = Debug|x86
		{F610BF75-3426-42CE-B2AD-0422B209547B}.Debug|x86.Build.0 = Debug|x86
		{F610BF75-3426-42CE-B2AD-0422B209547B}.Release|Any CPU.ActiveCfg = Release|x86
		{F610BF75-3426-42CE-B2AD-0422B209547B}.Release|iPhone.ActiveCfg = Release|x86
		{F610BF75-3426-42CE-B2AD-0422B209547B}.Release|iPhoneSimulator.ActiveCfg = Release|x86
		{F610BF75-3426-42CE-B2AD-0422B209547B}.Release|x86.ActiveCfg = Release|x86
		{F610BF75-3426-42CE-B2AD-0422B209547B}.Release|x86.Build.0 = Release|x86
		{840ACC9A-DB7D-4A23-BDF2-D09743DED77D}.Ad-Hoc|Any CPU.ActiveCfg = Release|Any CPU
		{840ACC9A-DB7D-4A23-BDF2-D09743DED77D}.Ad-Hoc|Any CPU.Build.0 = Release|Any CPU
		{840ACC9A-DB7D-4A23-BDF2-D09743DED77D}.Ad-Hoc|iPhone.ActiveCfg = Release|Any CPU
		{840ACC9A-DB7D-4A23-BDF2-D09743DED77D}.Ad-Hoc|iPhone.Build.0 = Release|Any CPU
		{840ACC9A-DB7D-4A23-BDF2-D09743DED77D}.Ad-Hoc|iPhoneSimulator.ActiveCfg = Release|Any CPU
		{840ACC9A-DB7D-4A23-BDF2-D09743DED77D}.Ad-Hoc|iPhoneSimulator.Build.0 = Release|Any CPU
		{840ACC9A-DB7D-4A23-BDF2-D09743DED77D}.Ad-Hoc|x86.ActiveCfg = Release|Any CPU
		{840ACC9A-DB7D-4A23-BDF2-D09743DED77D}.Ad-Hoc|x86.Build.0 = Release|Any CPU
		{840ACC9A-DB7D-4A23-BDF2-D09743DED77D}.AppStore|Any CPU.ActiveCfg = Release|Any CPU
		{840ACC9A-DB7D-4A23-BDF2-D09743DED77D}.AppStore|Any CPU.Build.0 = Release|Any CPU
		{840ACC9A-DB7D-4A23-BDF2-D09743DED77D}.AppStore|iPhone.ActiveCfg = Release|Any CPU
		{840ACC9A-DB7D-4A23-BDF2-D09743DED77D}.AppStore|iPhone.Build.0 = Release|Any CPU
		{840ACC9A-DB7D-4A23-BDF2-D09743DED77D}.AppStore|iPhoneSimulator.ActiveCfg = Release|Any CPU
		{840ACC9A-DB7D-4A23-BDF2-D09743DED77D}.AppStore|iPhoneSimulator.Build.0 = Release|Any CPU
		{840ACC9A-DB7D-4A23-BDF2-D09743DED77D}.AppStore|x86.ActiveCfg = Release|Any CPU
		{840ACC9A-DB7D-4A23-BDF2-D09743DED77D}.AppStore|x86.Build.0 = Release|Any CPU
		{840ACC9A-DB7D-4A23-BDF2-D09743DED77D}.Debug|Any CPU.ActiveCfg = Debug|Any CPU
		{840ACC9A-DB7D-4A23-BDF2-D09743DED77D}.Debug|Any CPU.Build.0 = Debug|Any CPU
		{840ACC9A-DB7D-4A23-BDF2-D09743DED77D}.Debug|iPhone.ActiveCfg = Debug|Any CPU
		{840ACC9A-DB7D-4A23-BDF2-D09743DED77D}.Debug|iPhone.Build.0 = Debug|Any CPU
		{840ACC9A-DB7D-4A23-BDF2-D09743DED77D}.Debug|iPhoneSimulator.ActiveCfg = Debug|Any CPU
		{840ACC9A-DB7D-4A23-BDF2-D09743DED77D}.Debug|iPhoneSimulator.Build.0 = Debug|Any CPU
		{840ACC9A-DB7D-4A23-BDF2-D09743DED77D}.Debug|x86.ActiveCfg = Debug|Any CPU
		{840ACC9A-DB7D-4A23-BDF2-D09743DED77D}.Debug|x86.Build.0 = Debug|Any CPU
		{840ACC9A-DB7D-4A23-BDF2-D09743DED77D}.Release|Any CPU.ActiveCfg = Release|Any CPU
		{840ACC9A-DB7D-4A23-BDF2-D09743DED77D}.Release|Any CPU.Build.0 = Release|Any CPU
		{840ACC9A-DB7D-4A23-BDF2-D09743DED77D}.Release|iPhone.ActiveCfg = Release|Any CPU
		{840ACC9A-DB7D-4A23-BDF2-D09743DED77D}.Release|iPhone.Build.0 = Release|Any CPU
		{840ACC9A-DB7D-4A23-BDF2-D09743DED77D}.Release|iPhoneSimulator.ActiveCfg = Release|Any CPU
		{840ACC9A-DB7D-4A23-BDF2-D09743DED77D}.Release|iPhoneSimulator.Build.0 = Release|Any CPU
		{840ACC9A-DB7D-4A23-BDF2-D09743DED77D}.Release|x86.ActiveCfg = Release|Any CPU
		{840ACC9A-DB7D-4A23-BDF2-D09743DED77D}.Release|x86.Build.0 = Release|Any CPU
		{A7F8196D-D2FC-4E58-BBD0-851607BC708B}.Ad-Hoc|Any CPU.ActiveCfg = Release|Any CPU
		{A7F8196D-D2FC-4E58-BBD0-851607BC708B}.Ad-Hoc|Any CPU.Build.0 = Release|Any CPU
		{A7F8196D-D2FC-4E58-BBD0-851607BC708B}.Ad-Hoc|iPhone.ActiveCfg = Release|Any CPU
		{A7F8196D-D2FC-4E58-BBD0-851607BC708B}.Ad-Hoc|iPhone.Build.0 = Release|Any CPU
		{A7F8196D-D2FC-4E58-BBD0-851607BC708B}.Ad-Hoc|iPhoneSimulator.ActiveCfg = Release|Any CPU
		{A7F8196D-D2FC-4E58-BBD0-851607BC708B}.Ad-Hoc|iPhoneSimulator.Build.0 = Release|Any CPU
		{A7F8196D-D2FC-4E58-BBD0-851607BC708B}.Ad-Hoc|x86.ActiveCfg = Release|Any CPU
		{A7F8196D-D2FC-4E58-BBD0-851607BC708B}.Ad-Hoc|x86.Build.0 = Release|Any CPU
		{A7F8196D-D2FC-4E58-BBD0-851607BC708B}.AppStore|Any CPU.ActiveCfg = Release|Any CPU
		{A7F8196D-D2FC-4E58-BBD0-851607BC708B}.AppStore|Any CPU.Build.0 = Release|Any CPU
		{A7F8196D-D2FC-4E58-BBD0-851607BC708B}.AppStore|iPhone.ActiveCfg = Release|Any CPU
		{A7F8196D-D2FC-4E58-BBD0-851607BC708B}.AppStore|iPhone.Build.0 = Release|Any CPU
		{A7F8196D-D2FC-4E58-BBD0-851607BC708B}.AppStore|iPhoneSimulator.ActiveCfg = Release|Any CPU
		{A7F8196D-D2FC-4E58-BBD0-851607BC708B}.AppStore|iPhoneSimulator.Build.0 = Release|Any CPU
		{A7F8196D-D2FC-4E58-BBD0-851607BC708B}.AppStore|x86.ActiveCfg = Release|Any CPU
		{A7F8196D-D2FC-4E58-BBD0-851607BC708B}.AppStore|x86.Build.0 = Release|Any CPU
		{A7F8196D-D2FC-4E58-BBD0-851607BC708B}.Debug|Any CPU.ActiveCfg = Debug|Any CPU
		{A7F8196D-D2FC-4E58-BBD0-851607BC708B}.Debug|Any CPU.Build.0 = Debug|Any CPU
		{A7F8196D-D2FC-4E58-BBD0-851607BC708B}.Debug|iPhone.ActiveCfg = Debug|Any CPU
		{A7F8196D-D2FC-4E58-BBD0-851607BC708B}.Debug|iPhone.Build.0 = Debug|Any CPU
		{A7F8196D-D2FC-4E58-BBD0-851607BC708B}.Debug|iPhoneSimulator.ActiveCfg = Debug|Any CPU
		{A7F8196D-D2FC-4E58-BBD0-851607BC708B}.Debug|iPhoneSimulator.Build.0 = Debug|Any CPU
		{A7F8196D-D2FC-4E58-BBD0-851607BC708B}.Debug|x86.ActiveCfg = Debug|Any CPU
		{A7F8196D-D2FC-4E58-BBD0-851607BC708B}.Debug|x86.Build.0 = Debug|Any CPU
		{A7F8196D-D2FC-4E58-BBD0-851607BC708B}.Release|Any CPU.ActiveCfg = Release|Any CPU
		{A7F8196D-D2FC-4E58-BBD0-851607BC708B}.Release|Any CPU.Build.0 = Release|Any CPU
		{A7F8196D-D2FC-4E58-BBD0-851607BC708B}.Release|iPhone.ActiveCfg = Release|Any CPU
		{A7F8196D-D2FC-4E58-BBD0-851607BC708B}.Release|iPhone.Build.0 = Release|Any CPU
		{A7F8196D-D2FC-4E58-BBD0-851607BC708B}.Release|iPhoneSimulator.ActiveCfg = Release|Any CPU
		{A7F8196D-D2FC-4E58-BBD0-851607BC708B}.Release|iPhoneSimulator.Build.0 = Release|Any CPU
		{A7F8196D-D2FC-4E58-BBD0-851607BC708B}.Release|x86.ActiveCfg = Release|Any CPU
		{A7F8196D-D2FC-4E58-BBD0-851607BC708B}.Release|x86.Build.0 = Release|Any CPU
		{439871D4-D801-4CED-9A2D-FB4E0514E5AB}.Ad-Hoc|Any CPU.ActiveCfg = Release|Any CPU
		{439871D4-D801-4CED-9A2D-FB4E0514E5AB}.Ad-Hoc|Any CPU.Build.0 = Release|Any CPU
		{439871D4-D801-4CED-9A2D-FB4E0514E5AB}.Ad-Hoc|iPhone.ActiveCfg = Release|Any CPU
		{439871D4-D801-4CED-9A2D-FB4E0514E5AB}.Ad-Hoc|iPhone.Build.0 = Release|Any CPU
		{439871D4-D801-4CED-9A2D-FB4E0514E5AB}.Ad-Hoc|iPhoneSimulator.ActiveCfg = Release|Any CPU
		{439871D4-D801-4CED-9A2D-FB4E0514E5AB}.Ad-Hoc|iPhoneSimulator.Build.0 = Release|Any CPU
		{439871D4-D801-4CED-9A2D-FB4E0514E5AB}.Ad-Hoc|x86.ActiveCfg = Release|Any CPU
		{439871D4-D801-4CED-9A2D-FB4E0514E5AB}.Ad-Hoc|x86.Build.0 = Release|Any CPU
		{439871D4-D801-4CED-9A2D-FB4E0514E5AB}.AppStore|Any CPU.ActiveCfg = Release|Any CPU
		{439871D4-D801-4CED-9A2D-FB4E0514E5AB}.AppStore|Any CPU.Build.0 = Release|Any CPU
		{439871D4-D801-4CED-9A2D-FB4E0514E5AB}.AppStore|iPhone.ActiveCfg = Release|Any CPU
		{439871D4-D801-4CED-9A2D-FB4E0514E5AB}.AppStore|iPhone.Build.0 = Release|Any CPU
		{439871D4-D801-4CED-9A2D-FB4E0514E5AB}.AppStore|iPhoneSimulator.ActiveCfg = Release|Any CPU
		{439871D4-D801-4CED-9A2D-FB4E0514E5AB}.AppStore|iPhoneSimulator.Build.0 = Release|Any CPU
		{439871D4-D801-4CED-9A2D-FB4E0514E5AB}.AppStore|x86.ActiveCfg = Release|Any CPU
		{439871D4-D801-4CED-9A2D-FB4E0514E5AB}.AppStore|x86.Build.0 = Release|Any CPU
		{439871D4-D801-4CED-9A2D-FB4E0514E5AB}.Debug|Any CPU.ActiveCfg = Debug|Any CPU
		{439871D4-D801-4CED-9A2D-FB4E0514E5AB}.Debug|Any CPU.Build.0 = Debug|Any CPU
		{439871D4-D801-4CED-9A2D-FB4E0514E5AB}.Debug|iPhone.ActiveCfg = Debug|Any CPU
		{439871D4-D801-4CED-9A2D-FB4E0514E5AB}.Debug|iPhone.Build.0 = Debug|Any CPU
		{439871D4-D801-4CED-9A2D-FB4E0514E5AB}.Debug|iPhoneSimulator.ActiveCfg = Debug|Any CPU
		{439871D4-D801-4CED-9A2D-FB4E0514E5AB}.Debug|iPhoneSimulator.Build.0 = Debug|Any CPU
		{439871D4-D801-4CED-9A2D-FB4E0514E5AB}.Debug|x86.ActiveCfg = Debug|Any CPU
		{439871D4-D801-4CED-9A2D-FB4E0514E5AB}.Debug|x86.Build.0 = Debug|Any CPU
		{439871D4-D801-4CED-9A2D-FB4E0514E5AB}.Release|Any CPU.ActiveCfg = Release|Any CPU
		{439871D4-D801-4CED-9A2D-FB4E0514E5AB}.Release|Any CPU.Build.0 = Release|Any CPU
		{439871D4-D801-4CED-9A2D-FB4E0514E5AB}.Release|iPhone.ActiveCfg = Release|Any CPU
		{439871D4-D801-4CED-9A2D-FB4E0514E5AB}.Release|iPhone.Build.0 = Release|Any CPU
		{439871D4-D801-4CED-9A2D-FB4E0514E5AB}.Release|iPhoneSimulator.ActiveCfg = Release|Any CPU
		{439871D4-D801-4CED-9A2D-FB4E0514E5AB}.Release|iPhoneSimulator.Build.0 = Release|Any CPU
		{439871D4-D801-4CED-9A2D-FB4E0514E5AB}.Release|x86.ActiveCfg = Release|Any CPU
		{439871D4-D801-4CED-9A2D-FB4E0514E5AB}.Release|x86.Build.0 = Release|Any CPU
		{1ECDA999-7EBD-4FEF-9113-E1CAC5F7BA9A}.Ad-Hoc|Any CPU.ActiveCfg = Release|Any CPU
		{1ECDA999-7EBD-4FEF-9113-E1CAC5F7BA9A}.Ad-Hoc|Any CPU.Build.0 = Release|Any CPU
		{1ECDA999-7EBD-4FEF-9113-E1CAC5F7BA9A}.Ad-Hoc|iPhone.ActiveCfg = Release|Any CPU
		{1ECDA999-7EBD-4FEF-9113-E1CAC5F7BA9A}.Ad-Hoc|iPhone.Build.0 = Release|Any CPU
		{1ECDA999-7EBD-4FEF-9113-E1CAC5F7BA9A}.Ad-Hoc|iPhoneSimulator.ActiveCfg = Release|Any CPU
		{1ECDA999-7EBD-4FEF-9113-E1CAC5F7BA9A}.Ad-Hoc|iPhoneSimulator.Build.0 = Release|Any CPU
		{1ECDA999-7EBD-4FEF-9113-E1CAC5F7BA9A}.Ad-Hoc|x86.ActiveCfg = Release|Any CPU
		{1ECDA999-7EBD-4FEF-9113-E1CAC5F7BA9A}.Ad-Hoc|x86.Build.0 = Release|Any CPU
		{1ECDA999-7EBD-4FEF-9113-E1CAC5F7BA9A}.AppStore|Any CPU.ActiveCfg = Release|Any CPU
		{1ECDA999-7EBD-4FEF-9113-E1CAC5F7BA9A}.AppStore|Any CPU.Build.0 = Release|Any CPU
		{1ECDA999-7EBD-4FEF-9113-E1CAC5F7BA9A}.AppStore|iPhone.ActiveCfg = Release|Any CPU
		{1ECDA999-7EBD-4FEF-9113-E1CAC5F7BA9A}.AppStore|iPhone.Build.0 = Release|Any CPU
		{1ECDA999-7EBD-4FEF-9113-E1CAC5F7BA9A}.AppStore|iPhoneSimulator.ActiveCfg = Release|Any CPU
		{1ECDA999-7EBD-4FEF-9113-E1CAC5F7BA9A}.AppStore|iPhoneSimulator.Build.0 = Release|Any CPU
		{1ECDA999-7EBD-4FEF-9113-E1CAC5F7BA9A}.AppStore|x86.ActiveCfg = Release|Any CPU
		{1ECDA999-7EBD-4FEF-9113-E1CAC5F7BA9A}.AppStore|x86.Build.0 = Release|Any CPU
		{1ECDA999-7EBD-4FEF-9113-E1CAC5F7BA9A}.Debug|Any CPU.ActiveCfg = Debug|Any CPU
		{1ECDA999-7EBD-4FEF-9113-E1CAC5F7BA9A}.Debug|Any CPU.Build.0 = Debug|Any CPU
		{1ECDA999-7EBD-4FEF-9113-E1CAC5F7BA9A}.Debug|iPhone.ActiveCfg = Debug|Any CPU
		{1ECDA999-7EBD-4FEF-9113-E1CAC5F7BA9A}.Debug|iPhone.Build.0 = Debug|Any CPU
		{1ECDA999-7EBD-4FEF-9113-E1CAC5F7BA9A}.Debug|iPhoneSimulator.ActiveCfg = Debug|Any CPU
		{1ECDA999-7EBD-4FEF-9113-E1CAC5F7BA9A}.Debug|iPhoneSimulator.Build.0 = Debug|Any CPU
		{1ECDA999-7EBD-4FEF-9113-E1CAC5F7BA9A}.Debug|x86.ActiveCfg = Debug|Any CPU
		{1ECDA999-7EBD-4FEF-9113-E1CAC5F7BA9A}.Debug|x86.Build.0 = Debug|Any CPU
		{1ECDA999-7EBD-4FEF-9113-E1CAC5F7BA9A}.Release|Any CPU.ActiveCfg = Release|Any CPU
		{1ECDA999-7EBD-4FEF-9113-E1CAC5F7BA9A}.Release|Any CPU.Build.0 = Release|Any CPU
		{1ECDA999-7EBD-4FEF-9113-E1CAC5F7BA9A}.Release|iPhone.ActiveCfg = Release|Any CPU
		{1ECDA999-7EBD-4FEF-9113-E1CAC5F7BA9A}.Release|iPhone.Build.0 = Release|Any CPU
		{1ECDA999-7EBD-4FEF-9113-E1CAC5F7BA9A}.Release|iPhoneSimulator.ActiveCfg = Release|Any CPU
		{1ECDA999-7EBD-4FEF-9113-E1CAC5F7BA9A}.Release|iPhoneSimulator.Build.0 = Release|Any CPU
		{1ECDA999-7EBD-4FEF-9113-E1CAC5F7BA9A}.Release|x86.ActiveCfg = Release|Any CPU
		{1ECDA999-7EBD-4FEF-9113-E1CAC5F7BA9A}.Release|x86.Build.0 = Release|Any CPU
		{6E3F5970-F2B1-4F05-A9C6-1838F71763EC}.Ad-Hoc|Any CPU.ActiveCfg = Release|Any CPU
		{6E3F5970-F2B1-4F05-A9C6-1838F71763EC}.Ad-Hoc|Any CPU.Build.0 = Release|Any CPU
		{6E3F5970-F2B1-4F05-A9C6-1838F71763EC}.Ad-Hoc|iPhone.ActiveCfg = Release|Any CPU
		{6E3F5970-F2B1-4F05-A9C6-1838F71763EC}.Ad-Hoc|iPhone.Build.0 = Release|Any CPU
		{6E3F5970-F2B1-4F05-A9C6-1838F71763EC}.Ad-Hoc|iPhoneSimulator.ActiveCfg = Release|Any CPU
		{6E3F5970-F2B1-4F05-A9C6-1838F71763EC}.Ad-Hoc|iPhoneSimulator.Build.0 = Release|Any CPU
		{6E3F5970-F2B1-4F05-A9C6-1838F71763EC}.Ad-Hoc|x86.ActiveCfg = Release|Any CPU
		{6E3F5970-F2B1-4F05-A9C6-1838F71763EC}.Ad-Hoc|x86.Build.0 = Release|Any CPU
		{6E3F5970-F2B1-4F05-A9C6-1838F71763EC}.AppStore|Any CPU.ActiveCfg = Release|Any CPU
		{6E3F5970-F2B1-4F05-A9C6-1838F71763EC}.AppStore|Any CPU.Build.0 = Release|Any CPU
		{6E3F5970-F2B1-4F05-A9C6-1838F71763EC}.AppStore|iPhone.ActiveCfg = Release|Any CPU
		{6E3F5970-F2B1-4F05-A9C6-1838F71763EC}.AppStore|iPhone.Build.0 = Release|Any CPU
		{6E3F5970-F2B1-4F05-A9C6-1838F71763EC}.AppStore|iPhoneSimulator.ActiveCfg = Release|Any CPU
		{6E3F5970-F2B1-4F05-A9C6-1838F71763EC}.AppStore|iPhoneSimulator.Build.0 = Release|Any CPU
		{6E3F5970-F2B1-4F05-A9C6-1838F71763EC}.AppStore|x86.ActiveCfg = Release|Any CPU
		{6E3F5970-F2B1-4F05-A9C6-1838F71763EC}.AppStore|x86.Build.0 = Release|Any CPU
		{6E3F5970-F2B1-4F05-A9C6-1838F71763EC}.Debug|Any CPU.ActiveCfg = Debug|Any CPU
		{6E3F5970-F2B1-4F05-A9C6-1838F71763EC}.Debug|Any CPU.Build.0 = Debug|Any CPU
		{6E3F5970-F2B1-4F05-A9C6-1838F71763EC}.Debug|iPhone.ActiveCfg = Debug|Any CPU
		{6E3F5970-F2B1-4F05-A9C6-1838F71763EC}.Debug|iPhone.Build.0 = Debug|Any CPU
		{6E3F5970-F2B1-4F05-A9C6-1838F71763EC}.Debug|iPhoneSimulator.ActiveCfg = Debug|Any CPU
		{6E3F5970-F2B1-4F05-A9C6-1838F71763EC}.Debug|iPhoneSimulator.Build.0 = Debug|Any CPU
		{6E3F5970-F2B1-4F05-A9C6-1838F71763EC}.Debug|x86.ActiveCfg = Debug|Any CPU
		{6E3F5970-F2B1-4F05-A9C6-1838F71763EC}.Debug|x86.Build.0 = Debug|Any CPU
		{6E3F5970-F2B1-4F05-A9C6-1838F71763EC}.Release|Any CPU.ActiveCfg = Release|Any CPU
		{6E3F5970-F2B1-4F05-A9C6-1838F71763EC}.Release|Any CPU.Build.0 = Release|Any CPU
		{6E3F5970-F2B1-4F05-A9C6-1838F71763EC}.Release|iPhone.ActiveCfg = Release|Any CPU
		{6E3F5970-F2B1-4F05-A9C6-1838F71763EC}.Release|iPhone.Build.0 = Release|Any CPU
		{6E3F5970-F2B1-4F05-A9C6-1838F71763EC}.Release|iPhoneSimulator.ActiveCfg = Release|Any CPU
		{6E3F5970-F2B1-4F05-A9C6-1838F71763EC}.Release|iPhoneSimulator.Build.0 = Release|Any CPU
		{6E3F5970-F2B1-4F05-A9C6-1838F71763EC}.Release|x86.ActiveCfg = Release|Any CPU
		{6E3F5970-F2B1-4F05-A9C6-1838F71763EC}.Release|x86.Build.0 = Release|Any CPU
		{320A6A0A-43BF-4691-BBE9-581741FF26D0}.Ad-Hoc|Any CPU.ActiveCfg = Debug|Any CPU
		{320A6A0A-43BF-4691-BBE9-581741FF26D0}.Ad-Hoc|Any CPU.Build.0 = Debug|Any CPU
		{320A6A0A-43BF-4691-BBE9-581741FF26D0}.Ad-Hoc|iPhone.ActiveCfg = Debug|Any CPU
		{320A6A0A-43BF-4691-BBE9-581741FF26D0}.Ad-Hoc|iPhone.Build.0 = Debug|Any CPU
		{320A6A0A-43BF-4691-BBE9-581741FF26D0}.Ad-Hoc|iPhoneSimulator.ActiveCfg = Debug|Any CPU
		{320A6A0A-43BF-4691-BBE9-581741FF26D0}.Ad-Hoc|iPhoneSimulator.Build.0 = Debug|Any CPU
		{320A6A0A-43BF-4691-BBE9-581741FF26D0}.Ad-Hoc|x86.ActiveCfg = Debug|Any CPU
		{320A6A0A-43BF-4691-BBE9-581741FF26D0}.Ad-Hoc|x86.Build.0 = Debug|Any CPU
		{320A6A0A-43BF-4691-BBE9-581741FF26D0}.AppStore|Any CPU.ActiveCfg = Debug|Any CPU
		{320A6A0A-43BF-4691-BBE9-581741FF26D0}.AppStore|Any CPU.Build.0 = Debug|Any CPU
		{320A6A0A-43BF-4691-BBE9-581741FF26D0}.AppStore|iPhone.ActiveCfg = Debug|Any CPU
		{320A6A0A-43BF-4691-BBE9-581741FF26D0}.AppStore|iPhone.Build.0 = Debug|Any CPU
		{320A6A0A-43BF-4691-BBE9-581741FF26D0}.AppStore|iPhoneSimulator.ActiveCfg = Debug|Any CPU
		{320A6A0A-43BF-4691-BBE9-581741FF26D0}.AppStore|iPhoneSimulator.Build.0 = Debug|Any CPU
		{320A6A0A-43BF-4691-BBE9-581741FF26D0}.AppStore|x86.ActiveCfg = Debug|Any CPU
		{320A6A0A-43BF-4691-BBE9-581741FF26D0}.AppStore|x86.Build.0 = Debug|Any CPU
		{320A6A0A-43BF-4691-BBE9-581741FF26D0}.Debug|Any CPU.ActiveCfg = Debug|Any CPU
		{320A6A0A-43BF-4691-BBE9-581741FF26D0}.Debug|Any CPU.Build.0 = Debug|Any CPU
		{320A6A0A-43BF-4691-BBE9-581741FF26D0}.Debug|iPhone.ActiveCfg = Debug|Any CPU
		{320A6A0A-43BF-4691-BBE9-581741FF26D0}.Debug|iPhone.Build.0 = Debug|Any CPU
		{320A6A0A-43BF-4691-BBE9-581741FF26D0}.Debug|iPhoneSimulator.ActiveCfg = Debug|Any CPU
		{320A6A0A-43BF-4691-BBE9-581741FF26D0}.Debug|iPhoneSimulator.Build.0 = Debug|Any CPU
		{320A6A0A-43BF-4691-BBE9-581741FF26D0}.Debug|x86.ActiveCfg = Debug|Any CPU
		{320A6A0A-43BF-4691-BBE9-581741FF26D0}.Debug|x86.Build.0 = Debug|Any CPU
		{320A6A0A-43BF-4691-BBE9-581741FF26D0}.Release|Any CPU.ActiveCfg = Release|Any CPU
		{320A6A0A-43BF-4691-BBE9-581741FF26D0}.Release|Any CPU.Build.0 = Release|Any CPU
		{320A6A0A-43BF-4691-BBE9-581741FF26D0}.Release|iPhone.ActiveCfg = Release|Any CPU
		{320A6A0A-43BF-4691-BBE9-581741FF26D0}.Release|iPhone.Build.0 = Release|Any CPU
		{320A6A0A-43BF-4691-BBE9-581741FF26D0}.Release|iPhoneSimulator.ActiveCfg = Release|Any CPU
		{320A6A0A-43BF-4691-BBE9-581741FF26D0}.Release|iPhoneSimulator.Build.0 = Release|Any CPU
		{320A6A0A-43BF-4691-BBE9-581741FF26D0}.Release|x86.ActiveCfg = Release|Any CPU
		{320A6A0A-43BF-4691-BBE9-581741FF26D0}.Release|x86.Build.0 = Release|Any CPU
		{4A63421E-5BD4-4BD6-939D-768135972D7F}.Ad-Hoc|Any CPU.ActiveCfg = Debug|Any CPU
		{4A63421E-5BD4-4BD6-939D-768135972D7F}.Ad-Hoc|Any CPU.Build.0 = Debug|Any CPU
		{4A63421E-5BD4-4BD6-939D-768135972D7F}.Ad-Hoc|iPhone.ActiveCfg = Debug|Any CPU
		{4A63421E-5BD4-4BD6-939D-768135972D7F}.Ad-Hoc|iPhone.Build.0 = Debug|Any CPU
		{4A63421E-5BD4-4BD6-939D-768135972D7F}.Ad-Hoc|iPhoneSimulator.ActiveCfg = Debug|Any CPU
		{4A63421E-5BD4-4BD6-939D-768135972D7F}.Ad-Hoc|iPhoneSimulator.Build.0 = Debug|Any CPU
		{4A63421E-5BD4-4BD6-939D-768135972D7F}.Ad-Hoc|x86.ActiveCfg = Debug|Any CPU
		{4A63421E-5BD4-4BD6-939D-768135972D7F}.Ad-Hoc|x86.Build.0 = Debug|Any CPU
		{4A63421E-5BD4-4BD6-939D-768135972D7F}.AppStore|Any CPU.ActiveCfg = Debug|Any CPU
		{4A63421E-5BD4-4BD6-939D-768135972D7F}.AppStore|Any CPU.Build.0 = Debug|Any CPU
		{4A63421E-5BD4-4BD6-939D-768135972D7F}.AppStore|iPhone.ActiveCfg = Debug|Any CPU
		{4A63421E-5BD4-4BD6-939D-768135972D7F}.AppStore|iPhone.Build.0 = Debug|Any CPU
		{4A63421E-5BD4-4BD6-939D-768135972D7F}.AppStore|iPhoneSimulator.ActiveCfg = Debug|Any CPU
		{4A63421E-5BD4-4BD6-939D-768135972D7F}.AppStore|iPhoneSimulator.Build.0 = Debug|Any CPU
		{4A63421E-5BD4-4BD6-939D-768135972D7F}.AppStore|x86.ActiveCfg = Debug|Any CPU
		{4A63421E-5BD4-4BD6-939D-768135972D7F}.AppStore|x86.Build.0 = Debug|Any CPU
		{4A63421E-5BD4-4BD6-939D-768135972D7F}.Debug|Any CPU.ActiveCfg = Debug|Any CPU
		{4A63421E-5BD4-4BD6-939D-768135972D7F}.Debug|Any CPU.Build.0 = Debug|Any CPU
		{4A63421E-5BD4-4BD6-939D-768135972D7F}.Debug|iPhone.ActiveCfg = Debug|Any CPU
		{4A63421E-5BD4-4BD6-939D-768135972D7F}.Debug|iPhone.Build.0 = Debug|Any CPU
		{4A63421E-5BD4-4BD6-939D-768135972D7F}.Debug|iPhoneSimulator.ActiveCfg = Debug|Any CPU
		{4A63421E-5BD4-4BD6-939D-768135972D7F}.Debug|iPhoneSimulator.Build.0 = Debug|Any CPU
		{4A63421E-5BD4-4BD6-939D-768135972D7F}.Debug|x86.ActiveCfg = Debug|Any CPU
		{4A63421E-5BD4-4BD6-939D-768135972D7F}.Debug|x86.Build.0 = Debug|Any CPU
		{4A63421E-5BD4-4BD6-939D-768135972D7F}.Release|Any CPU.ActiveCfg = Release|Any CPU
		{4A63421E-5BD4-4BD6-939D-768135972D7F}.Release|Any CPU.Build.0 = Release|Any CPU
		{4A63421E-5BD4-4BD6-939D-768135972D7F}.Release|iPhone.ActiveCfg = Release|Any CPU
		{4A63421E-5BD4-4BD6-939D-768135972D7F}.Release|iPhone.Build.0 = Release|Any CPU
		{4A63421E-5BD4-4BD6-939D-768135972D7F}.Release|iPhoneSimulator.ActiveCfg = Release|Any CPU
		{4A63421E-5BD4-4BD6-939D-768135972D7F}.Release|iPhoneSimulator.Build.0 = Release|Any CPU
		{4A63421E-5BD4-4BD6-939D-768135972D7F}.Release|x86.ActiveCfg = Release|Any CPU
		{4A63421E-5BD4-4BD6-939D-768135972D7F}.Release|x86.Build.0 = Release|Any CPU
		{31E0A00F-827D-43F5-B260-9BC8DD7D31F0}.Ad-Hoc|Any CPU.ActiveCfg = Debug|Any CPU
		{31E0A00F-827D-43F5-B260-9BC8DD7D31F0}.Ad-Hoc|Any CPU.Build.0 = Debug|Any CPU
		{31E0A00F-827D-43F5-B260-9BC8DD7D31F0}.Ad-Hoc|iPhone.ActiveCfg = Debug|Any CPU
		{31E0A00F-827D-43F5-B260-9BC8DD7D31F0}.Ad-Hoc|iPhone.Build.0 = Debug|Any CPU
		{31E0A00F-827D-43F5-B260-9BC8DD7D31F0}.Ad-Hoc|iPhoneSimulator.ActiveCfg = Debug|Any CPU
		{31E0A00F-827D-43F5-B260-9BC8DD7D31F0}.Ad-Hoc|iPhoneSimulator.Build.0 = Debug|Any CPU
		{31E0A00F-827D-43F5-B260-9BC8DD7D31F0}.Ad-Hoc|x86.ActiveCfg = Debug|Any CPU
		{31E0A00F-827D-43F5-B260-9BC8DD7D31F0}.Ad-Hoc|x86.Build.0 = Debug|Any CPU
		{31E0A00F-827D-43F5-B260-9BC8DD7D31F0}.AppStore|Any CPU.ActiveCfg = Debug|Any CPU
		{31E0A00F-827D-43F5-B260-9BC8DD7D31F0}.AppStore|Any CPU.Build.0 = Debug|Any CPU
		{31E0A00F-827D-43F5-B260-9BC8DD7D31F0}.AppStore|iPhone.ActiveCfg = Debug|Any CPU
		{31E0A00F-827D-43F5-B260-9BC8DD7D31F0}.AppStore|iPhone.Build.0 = Debug|Any CPU
		{31E0A00F-827D-43F5-B260-9BC8DD7D31F0}.AppStore|iPhoneSimulator.ActiveCfg = Debug|Any CPU
		{31E0A00F-827D-43F5-B260-9BC8DD7D31F0}.AppStore|iPhoneSimulator.Build.0 = Debug|Any CPU
		{31E0A00F-827D-43F5-B260-9BC8DD7D31F0}.AppStore|x86.ActiveCfg = Debug|Any CPU
		{31E0A00F-827D-43F5-B260-9BC8DD7D31F0}.AppStore|x86.Build.0 = Debug|Any CPU
		{31E0A00F-827D-43F5-B260-9BC8DD7D31F0}.Debug|Any CPU.ActiveCfg = Debug|Any CPU
		{31E0A00F-827D-43F5-B260-9BC8DD7D31F0}.Debug|Any CPU.Build.0 = Debug|Any CPU
		{31E0A00F-827D-43F5-B260-9BC8DD7D31F0}.Debug|iPhone.ActiveCfg = Debug|Any CPU
		{31E0A00F-827D-43F5-B260-9BC8DD7D31F0}.Debug|iPhone.Build.0 = Debug|Any CPU
		{31E0A00F-827D-43F5-B260-9BC8DD7D31F0}.Debug|iPhoneSimulator.ActiveCfg = Debug|Any CPU
		{31E0A00F-827D-43F5-B260-9BC8DD7D31F0}.Debug|iPhoneSimulator.Build.0 = Debug|Any CPU
		{31E0A00F-827D-43F5-B260-9BC8DD7D31F0}.Debug|x86.ActiveCfg = Debug|Any CPU
		{31E0A00F-827D-43F5-B260-9BC8DD7D31F0}.Debug|x86.Build.0 = Debug|Any CPU
		{31E0A00F-827D-43F5-B260-9BC8DD7D31F0}.Release|Any CPU.ActiveCfg = Release|Any CPU
		{31E0A00F-827D-43F5-B260-9BC8DD7D31F0}.Release|Any CPU.Build.0 = Release|Any CPU
		{31E0A00F-827D-43F5-B260-9BC8DD7D31F0}.Release|iPhone.ActiveCfg = Release|Any CPU
		{31E0A00F-827D-43F5-B260-9BC8DD7D31F0}.Release|iPhone.Build.0 = Release|Any CPU
		{31E0A00F-827D-43F5-B260-9BC8DD7D31F0}.Release|iPhoneSimulator.ActiveCfg = Release|Any CPU
		{31E0A00F-827D-43F5-B260-9BC8DD7D31F0}.Release|iPhoneSimulator.Build.0 = Release|Any CPU
		{31E0A00F-827D-43F5-B260-9BC8DD7D31F0}.Release|x86.ActiveCfg = Release|Any CPU
		{31E0A00F-827D-43F5-B260-9BC8DD7D31F0}.Release|x86.Build.0 = Release|Any CPU
	EndGlobalSection
	GlobalSection(SolutionProperties) = preSolution
		HideSolutionNode = FALSE
	EndGlobalSection
	GlobalSection(NestedProjects) = preSolution
		{7BFFDD16-8174-491A-B3D8-D0729E9758B0} = {31C203C2-03A1-42AB-BBC8-03966DECAEBF}
		{D17C5B38-90C3-4041-AB39-7F292D9EAC20} = {71124887-BED9-4B06-AD7D-4F1763A17CE5}
		{D4FA91BF-60FB-401F-9CA3-14BFCABC7252} = {E9266A57-C237-4A7C-AF91-92EF9490808D}
		{E51AEAAB-ECB0-442B-86D8-A5D669D88FF7} = {E9266A57-C237-4A7C-AF91-92EF9490808D}
		{C5A5CFF3-CB79-41BD-BEFA-170A9914305A} = {E9266A57-C237-4A7C-AF91-92EF9490808D}
		{60357709-3E62-4612-9C2D-29F0DBDD5929} = {376C3EAD-052A-43DD-8E7C-5731D077564F}
		{1945CD82-3275-45AE-A6C4-7C2EB493FD7F} = {BB4AEF5B-D890-4849-806A-94128852140E}
		{9844C24D-E1B4-497C-A145-37AC3DBACCAA} = {31C203C2-03A1-42AB-BBC8-03966DECAEBF}
		{F610BF75-3426-42CE-B2AD-0422B209547B} = {31C203C2-03A1-42AB-BBC8-03966DECAEBF}
		{840ACC9A-DB7D-4A23-BDF2-D09743DED77D} = {71124887-BED9-4B06-AD7D-4F1763A17CE5}
		{A7F8196D-D2FC-4E58-BBD0-851607BC708B} = {376C3EAD-052A-43DD-8E7C-5731D077564F}
		{439871D4-D801-4CED-9A2D-FB4E0514E5AB} = {BB4AEF5B-D890-4849-806A-94128852140E}
		{1ECDA999-7EBD-4FEF-9113-E1CAC5F7BA9A} = {31C203C2-03A1-42AB-BBC8-03966DECAEBF}
		{6E3F5970-F2B1-4F05-A9C6-1838F71763EC} = {31C203C2-03A1-42AB-BBC8-03966DECAEBF}
		{320A6A0A-43BF-4691-BBE9-581741FF26D0} = {F8F1CABD-7C38-44A0-9979-B41672A04BC7}
		{4A63421E-5BD4-4BD6-939D-768135972D7F} = {107D3EE3-760B-42E6-9F8F-92289E9FAFD1}
		{31E0A00F-827D-43F5-B260-9BC8DD7D31F0} = {BB4AEF5B-D890-4849-806A-94128852140E}
	EndGlobalSection
	GlobalSection(ExtensibilityGlobals) = postSolution
		SolutionGuid = {E079EAFF-E47C-48E9-8499-C68C824D8B99}
	EndGlobalSection
EndGlobal
