
Microsoft Visual Studio Solution File, Format Version 12.00
# Visual Studio Version 16
VisualStudioVersion = 16.0.31321.278
MinimumVisualStudioVersion = 10.0.40219.1
Project("{9A19103F-16F7-4668-BE54-9A1E7A4F7556}") = "ASPNETCore_Razor_Pages_Document_Viewer", "ASPNETCore_Razor_Pages_Document_Viewer.csproj", "{55110836-862B-435A-A304-8A80B7F3BF23}"
EndProject
Global
	GlobalSection(SolutionConfigurationPlatforms) = preSolution
		Debug|Any CPU = Debug|Any CPU
		Release|Any CPU = Release|Any CPU
	EndGlobalSection
	GlobalSection(ProjectConfigurationPlatforms) = postSolution
		{55110836-862B-435A-A304-8A80B7F3BF23}.Debug|Any CPU.ActiveCfg = Debug|Any CPU
		{55110836-862B-435A-A304-8A80B7F3BF23}.Debug|Any CPU.Build.0 = Debug|Any CPU
		{55110836-862B-435A-A304-8A80B7F3BF23}.Release|Any CPU.ActiveCfg = Release|Any CPU
		{55110836-862B-435A-A304-8A80B7F3BF23}.Release|Any CPU.Build.0 = Release|Any CPU
	EndGlobalSection
	GlobalSection(SolutionProperties) = preSolution
		HideSolutionNode = FALSE
	EndGlobalSection
	GlobalSection(ExtensibilityGlobals) = postSolution
		SolutionGuid = {64BEEEA6-3D99-4FE0-AAF8-A461C920F901}
	EndGlobalSection
EndGlobal
