
Microsoft Visual Studio Solution File, Format Version 12.00
# Visual Studio Version 16
VisualStudioVersion = 16.0.31424.327
MinimumVisualStudioVersion = 10.0.40219.1
Project("{FAE04EC0-301F-11D3-BF4B-00C04F79EFBC}") = "XamarinViewerDemo.Android", "XamarinViewerDemo\XamarinViewerDemo.Android\XamarinViewerDemo.Android.csproj", "{E51AEAAB-ECB0-442B-86D8-A5D669D88FF7}"
EndProject
Project("{FAE04EC0-301F-11D3-BF4B-00C04F79EFBC}") = "XamarinViewerDemo.iOS", "XamarinViewerDemo\XamarinViewerDemo.iOS\XamarinViewerDemo.iOS.csproj", "{C5A5CFF3-CB79-41BD-BEFA-170A9914305A}"
EndProject
Project("{FAE04EC0-301F-11D3-BF4B-00C04F79EFBC}") = "XamarinViewerDemo", "XamarinViewerDemo\XamarinViewerDemo\XamarinViewerDemo.csproj", "{6A069D2C-C205-4C80-9567-75C0085617B7}"
EndProject
Global
	GlobalSection(SolutionConfigurationPlatforms) = preSolution
		Debug|Any CPU = Debug|Any CPU
		Debug|iPhone = Debug|iPhone
		Debug|iPhoneSimulator = Debug|iPhoneSimulator
		Release|Any CPU = Release|Any CPU
		Release|iPhone = Release|iPhone
		Release|iPhoneSimulator = Release|iPhoneSimulator
	EndGlobalSection
	GlobalSection(ProjectConfigurationPlatforms) = postSolution
		{E51AEAAB-ECB0-442B-86D8-A5D669D88FF7}.Debug|Any CPU.ActiveCfg = Debug|Any CPU
		{E51AEAAB-ECB0-442B-86D8-A5D669D88FF7}.Debug|Any CPU.Build.0 = Debug|Any CPU
		{E51AEAAB-ECB0-442B-86D8-A5D669D88FF7}.Debug|Any CPU.Deploy.0 = Debug|Any CPU
		{E51AEAAB-ECB0-442B-86D8-A5D669D88FF7}.Debug|iPhone.ActiveCfg = Debug|Any CPU
		{E51AEAAB-ECB0-442B-86D8-A5D669D88FF7}.Debug|iPhone.Build.0 = Debug|Any CPU
		{E51AEAAB-ECB0-442B-86D8-A5D669D88FF7}.Debug|iPhone.Deploy.0 = Debug|Any CPU
		{E51AEAAB-ECB0-442B-86D8-A5D669D88FF7}.Debug|iPhoneSimulator.ActiveCfg = Debug|Any CPU
		{E51AEAAB-ECB0-442B-86D8-A5D669D88FF7}.Debug|iPhoneSimulator.Build.0 = Debug|Any CPU
		{E51AEAAB-ECB0-442B-86D8-A5D669D88FF7}.Debug|iPhoneSimulator.Deploy.0 = Debug|Any CPU
		{E51AEAAB-ECB0-442B-86D8-A5D669D88FF7}.Release|Any CPU.ActiveCfg = Release|Any CPU
		{E51AEAAB-ECB0-442B-86D8-A5D669D88FF7}.Release|Any CPU.Build.0 = Release|Any CPU
		{E51AEAAB-ECB0-442B-86D8-A5D669D88FF7}.Release|Any CPU.Deploy.0 = Release|Any CPU
		{E51AEAAB-ECB0-442B-86D8-A5D669D88FF7}.Release|iPhone.ActiveCfg = Release|Any CPU
		{E51AEAAB-ECB0-442B-86D8-A5D669D88FF7}.Release|iPhone.Build.0 = Release|Any CPU
		{E51AEAAB-ECB0-442B-86D8-A5D669D88FF7}.Release|iPhone.Deploy.0 = Release|Any CPU
		{E51AEAAB-ECB0-442B-86D8-A5D669D88FF7}.Release|iPhoneSimulator.ActiveCfg = Release|Any CPU
		{E51AEAAB-ECB0-442B-86D8-A5D669D88FF7}.Release|iPhoneSimulator.Build.0 = Release|Any CPU
		{E51AEAAB-ECB0-442B-86D8-A5D669D88FF7}.Release|iPhoneSimulator.Deploy.0 = Release|Any CPU
		{C5A5CFF3-CB79-41BD-BEFA-170A9914305A}.Debug|Any CPU.ActiveCfg = Debug|iPhone
		{C5A5CFF3-CB79-41BD-BEFA-170A9914305A}.Debug|Any CPU.Build.0 = Debug|iPhone
		{C5A5CFF3-CB79-41BD-BEFA-170A9914305A}.Debug|Any CPU.Deploy.0 = Debug|iPhone
		{C5A5CFF3-CB79-41BD-BEFA-170A9914305A}.Debug|iPhone.ActiveCfg = Debug|iPhone
		{C5A5CFF3-CB79-41BD-BEFA-170A9914305A}.Debug|iPhone.Build.0 = Debug|iPhone
		{C5A5CFF3-CB79-41BD-BEFA-170A9914305A}.Debug|iPhone.Deploy.0 = Debug|iPhone
		{C5A5CFF3-CB79-41BD-BEFA-170A9914305A}.Debug|iPhoneSimulator.ActiveCfg = Debug|iPhoneSimulator
		{C5A5CFF3-CB79-41BD-BEFA-170A9914305A}.Debug|iPhoneSimulator.Build.0 = Debug|iPhoneSimulator
		{C5A5CFF3-CB79-41BD-BEFA-170A9914305A}.Debug|iPhoneSimulator.Deploy.0 = Debug|iPhoneSimulator
		{C5A5CFF3-CB79-41BD-BEFA-170A9914305A}.Release|Any CPU.ActiveCfg = Release|iPhoneSimulator
		{C5A5CFF3-CB79-41BD-BEFA-170A9914305A}.Release|Any CPU.Build.0 = Release|iPhoneSimulator
		{C5A5CFF3-CB79-41BD-BEFA-170A9914305A}.Release|Any CPU.Deploy.0 = Release|iPhoneSimulator
		{C5A5CFF3-CB79-41BD-BEFA-170A9914305A}.Release|iPhone.ActiveCfg = Release|iPhone
		{C5A5CFF3-CB79-41BD-BEFA-170A9914305A}.Release|iPhone.Build.0 = Release|iPhone
		{C5A5CFF3-CB79-41BD-BEFA-170A9914305A}.Release|iPhone.Deploy.0 = Release|iPhone
		{C5A5CFF3-CB79-41BD-BEFA-170A9914305A}.Release|iPhoneSimulator.ActiveCfg = Release|iPhoneSimulator
		{C5A5CFF3-CB79-41BD-BEFA-170A9914305A}.Release|iPhoneSimulator.Build.0 = Release|iPhoneSimulator
		{C5A5CFF3-CB79-41BD-BEFA-170A9914305A}.Release|iPhoneSimulator.Deploy.0 = Release|iPhoneSimulator
		{6A069D2C-C205-4C80-9567-75C0085617B7}.Debug|Any CPU.ActiveCfg = Debug|Any CPU
		{6A069D2C-C205-4C80-9567-75C0085617B7}.Debug|Any CPU.Build.0 = Debug|Any CPU
		{6A069D2C-C205-4C80-9567-75C0085617B7}.Debug|Any CPU.Deploy.0 = Debug|Any CPU
		{6A069D2C-C205-4C80-9567-75C0085617B7}.Debug|iPhone.ActiveCfg = Debug|Any CPU
		{6A069D2C-C205-4C80-9567-75C0085617B7}.Debug|iPhone.Build.0 = Debug|Any CPU
		{6A069D2C-C205-4C80-9567-75C0085617B7}.Debug|iPhone.Deploy.0 = Debug|Any CPU
		{6A069D2C-C205-4C80-9567-75C0085617B7}.Debug|iPhoneSimulator.ActiveCfg = Debug|Any CPU
		{6A069D2C-C205-4C80-9567-75C0085617B7}.Debug|iPhoneSimulator.Build.0 = Debug|Any CPU
		{6A069D2C-C205-4C80-9567-75C0085617B7}.Debug|iPhoneSimulator.Deploy.0 = Debug|Any CPU
		{6A069D2C-C205-4C80-9567-75C0085617B7}.Release|Any CPU.ActiveCfg = Release|Any CPU
		{6A069D2C-C205-4C80-9567-75C0085617B7}.Release|Any CPU.Build.0 = Release|Any CPU
		{6A069D2C-C205-4C80-9567-75C0085617B7}.Release|Any CPU.Deploy.0 = Release|Any CPU
		{6A069D2C-C205-4C80-9567-75C0085617B7}.Release|iPhone.ActiveCfg = Release|Any CPU
		{6A069D2C-C205-4C80-9567-75C0085617B7}.Release|iPhone.Build.0 = Release|Any CPU
		{6A069D2C-C205-4C80-9567-75C0085617B7}.Release|iPhone.Deploy.0 = Release|Any CPU
		{6A069D2C-C205-4C80-9567-75C0085617B7}.Release|iPhoneSimulator.ActiveCfg = Release|Any CPU
		{6A069D2C-C205-4C80-9567-75C0085617B7}.Release|iPhoneSimulator.Build.0 = Release|Any CPU
		{6A069D2C-C205-4C80-9567-75C0085617B7}.Release|iPhoneSimulator.Deploy.0 = Release|Any CPU
	EndGlobalSection
	GlobalSection(SolutionProperties) = preSolution
		HideSolutionNode = FALSE
	EndGlobalSection
	GlobalSection(ExtensibilityGlobals) = postSolution
		SolutionGuid = {45F4B7D4-1F2F-4F17-B03A-339D6023ACFC}
	EndGlobalSection
EndGlobal
