
Microsoft Visual Studio Solution File, Format Version 12.00
# Visual Studio Version 17
VisualStudioVersion = 17.0.32014.148
MinimumVisualStudioVersion = 10.0.40219.1
Project("{FAE04EC0-301F-11D3-BF4B-00C04F79EFBC}") = "PDFSigning", "PDFSigning\PDFSigning.csproj", "{31E0A00F-827D-43F5-B260-9BC8DD7D31F0}"
EndProject
Global
	GlobalSection(SolutionConfigurationPlatforms) = preSolution
		Debug|Any CPU = Debug|Any CPU
		Release|Any CPU = Release|Any CPU
	EndGlobalSection
	GlobalSection(ProjectConfigurationPlatforms) = postSolution
		{31E0A00F-827D-43F5-B260-9BC8DD7D31F0}.Debug|Any CPU.ActiveCfg = Debug|Any CPU
		{31E0A00F-827D-43F5-B260-9BC8DD7D31F0}.Debug|Any CPU.Build.0 = Debug|Any CPU
		{31E0A00F-827D-43F5-B260-9BC8DD7D31F0}.Release|Any CPU.ActiveCfg = Release|Any CPU
		{31E0A00F-827D-43F5-B260-9BC8DD7D31F0}.Release|Any CPU.Build.0 = Release|Any CPU
	EndGlobalSection
	GlobalSection(SolutionProperties) = preSolution
		HideSolutionNode = FALSE
	EndGlobalSection
	GlobalSection(ExtensibilityGlobals) = postSolution
		SolutionGuid = {3983383E-126B-42D2-A50C-B13143627582}
	EndGlobalSection
EndGlobal
