
Microsoft Visual Studio Solution File, Format Version 12.00
# Visual Studio 15
VisualStudioVersion = 15.0.28307.489
MinimumVisualStudioVersion = 10.0.40219.1
Project("{FAE04EC0-301F-11D3-BF4B-00C04F79EFBC}") = "XamarinViewerDemo.Android", "XamarinViewerDemo\XamarinViewerDemo.Android\XamarinViewerDemo.Android.csproj", "{2A304C13-B948-4C13-9FDD-96812396CF8B}"
EndProject
Project("{FAE04EC0-301F-11D3-BF4B-00C04F79EFBC}") = "XamarinViewerDemo.iOS", "XamarinViewerDemo\XamarinViewerDemo.iOS\XamarinViewerDemo.iOS.csproj", "{9908F7F6-C439-439F-A904-2DAE84A0D967}"
EndProject
Project("{FAE04EC0-301F-11D3-BF4B-00C04F79EFBC}") = "XamarinViewerDemo", "XamarinViewerDemo\XamarinViewerDemo\XamarinViewerDemo.csproj", "{120FD72A-6856-45DB-AD88-E4E02CF6E05B}"
EndProject
Global
	GlobalSection(SolutionConfigurationPlatforms) = preSolution
		Ad-Hoc|Any CPU = Ad-Hoc|Any CPU
		Ad-Hoc|iPhone = Ad-Hoc|iPhone
		Ad-Hoc|iPhoneSimulator = Ad-Hoc|iPhoneSimulator
		AppStore|Any CPU = AppStore|Any CPU
		AppStore|iPhone = AppStore|iPhone
		AppStore|iPhoneSimulator = AppStore|iPhoneSimulator
		Debug|Any CPU = Debug|Any CPU
		Debug|iPhone = Debug|iPhone
		Debug|iPhoneSimulator = Debug|iPhoneSimulator
		Release|Any CPU = Release|Any CPU
		Release|iPhone = Release|iPhone
		Release|iPhoneSimulator = Release|iPhoneSimulator
	EndGlobalSection
	GlobalSection(ProjectConfigurationPlatforms) = postSolution
		{2A304C13-B948-4C13-9FDD-96812396CF8B}.Ad-Hoc|Any CPU.ActiveCfg = Release|Any CPU
		{2A304C13-B948-4C13-9FDD-96812396CF8B}.Ad-Hoc|Any CPU.Build.0 = Release|Any CPU
		{2A304C13-B948-4C13-9FDD-96812396CF8B}.Ad-Hoc|Any CPU.Deploy.0 = Release|Any CPU
		{2A304C13-B948-4C13-9FDD-96812396CF8B}.Ad-Hoc|iPhone.ActiveCfg = Release|Any CPU
		{2A304C13-B948-4C13-9FDD-96812396CF8B}.Ad-Hoc|iPhone.Build.0 = Release|Any CPU
		{2A304C13-B948-4C13-9FDD-96812396CF8B}.Ad-Hoc|iPhone.Deploy.0 = Release|Any CPU
		{2A304C13-B948-4C13-9FDD-96812396CF8B}.Ad-Hoc|iPhoneSimulator.ActiveCfg = Release|Any CPU
		{2A304C13-B948-4C13-9FDD-96812396CF8B}.Ad-Hoc|iPhoneSimulator.Build.0 = Release|Any CPU
		{2A304C13-B948-4C13-9FDD-96812396CF8B}.Ad-Hoc|iPhoneSimulator.Deploy.0 = Release|Any CPU
		{2A304C13-B948-4C13-9FDD-96812396CF8B}.AppStore|Any CPU.ActiveCfg = Release|Any CPU
		{2A304C13-B948-4C13-9FDD-96812396CF8B}.AppStore|Any CPU.Build.0 = Release|Any CPU
		{2A304C13-B948-4C13-9FDD-96812396CF8B}.AppStore|Any CPU.Deploy.0 = Release|Any CPU
		{2A304C13-B948-4C13-9FDD-96812396CF8B}.AppStore|iPhone.ActiveCfg = Release|Any CPU
		{2A304C13-B948-4C13-9FDD-96812396CF8B}.AppStore|iPhone.Build.0 = Release|Any CPU
		{2A304C13-B948-4C13-9FDD-96812396CF8B}.AppStore|iPhone.Deploy.0 = Release|Any CPU
		{2A304C13-B948-4C13-9FDD-96812396CF8B}.AppStore|iPhoneSimulator.ActiveCfg = Release|Any CPU
		{2A304C13-B948-4C13-9FDD-96812396CF8B}.AppStore|iPhoneSimulator.Build.0 = Release|Any CPU
		{2A304C13-B948-4C13-9FDD-96812396CF8B}.AppStore|iPhoneSimulator.Deploy.0 = Release|Any CPU
		{2A304C13-B948-4C13-9FDD-96812396CF8B}.Debug|Any CPU.ActiveCfg = Debug|Any CPU
		{2A304C13-B948-4C13-9FDD-96812396CF8B}.Debug|Any CPU.Build.0 = Debug|Any CPU
		{2A304C13-B948-4C13-9FDD-96812396CF8B}.Debug|Any CPU.Deploy.0 = Debug|Any CPU
		{2A304C13-B948-4C13-9FDD-96812396CF8B}.Debug|iPhone.ActiveCfg = Debug|Any CPU
		{2A304C13-B948-4C13-9FDD-96812396CF8B}.Debug|iPhone.Build.0 = Debug|Any CPU
		{2A304C13-B948-4C13-9FDD-96812396CF8B}.Debug|iPhone.Deploy.0 = Debug|Any CPU
		{2A304C13-B948-4C13-9FDD-96812396CF8B}.Debug|iPhoneSimulator.ActiveCfg = Debug|Any CPU
		{2A304C13-B948-4C13-9FDD-96812396CF8B}.Debug|iPhoneSimulator.Build.0 = Debug|Any CPU
		{2A304C13-B948-4C13-9FDD-96812396CF8B}.Debug|iPhoneSimulator.Deploy.0 = Debug|Any CPU
		{2A304C13-B948-4C13-9FDD-96812396CF8B}.Release|Any CPU.ActiveCfg = Release|Any CPU
		{2A304C13-B948-4C13-9FDD-96812396CF8B}.Release|Any CPU.Build.0 = Release|Any CPU
		{2A304C13-B948-4C13-9FDD-96812396CF8B}.Release|Any CPU.Deploy.0 = Release|Any CPU
		{2A304C13-B948-4C13-9FDD-96812396CF8B}.Release|iPhone.ActiveCfg = Release|Any CPU
		{2A304C13-B948-4C13-9FDD-96812396CF8B}.Release|iPhone.Build.0 = Release|Any CPU
		{2A304C13-B948-4C13-9FDD-96812396CF8B}.Release|iPhone.Deploy.0 = Release|Any CPU
		{2A304C13-B948-4C13-9FDD-96812396CF8B}.Release|iPhoneSimulator.ActiveCfg = Release|Any CPU
		{2A304C13-B948-4C13-9FDD-96812396CF8B}.Release|iPhoneSimulator.Build.0 = Release|Any CPU
		{2A304C13-B948-4C13-9FDD-96812396CF8B}.Release|iPhoneSimulator.Deploy.0 = Release|Any CPU
		{9908F7F6-C439-439F-A904-2DAE84A0D967}.Ad-Hoc|Any CPU.ActiveCfg = Ad-Hoc|iPhone
		{9908F7F6-C439-439F-A904-2DAE84A0D967}.Ad-Hoc|Any CPU.Build.0 = Ad-Hoc|iPhone
		{9908F7F6-C439-439F-A904-2DAE84A0D967}.Ad-Hoc|Any CPU.Deploy.0 = Ad-Hoc|iPhone
		{9908F7F6-C439-439F-A904-2DAE84A0D967}.Ad-Hoc|iPhone.ActiveCfg = Ad-Hoc|iPhone
		{9908F7F6-C439-439F-A904-2DAE84A0D967}.Ad-Hoc|iPhone.Build.0 = Ad-Hoc|iPhone
		{9908F7F6-C439-439F-A904-2DAE84A0D967}.Ad-Hoc|iPhone.Deploy.0 = Ad-Hoc|iPhone
		{9908F7F6-C439-439F-A904-2DAE84A0D967}.Ad-Hoc|iPhoneSimulator.ActiveCfg = Ad-Hoc|iPhoneSimulator
		{9908F7F6-C439-439F-A904-2DAE84A0D967}.Ad-Hoc|iPhoneSimulator.Build.0 = Ad-Hoc|iPhoneSimulator
		{9908F7F6-C439-439F-A904-2DAE84A0D967}.Ad-Hoc|iPhoneSimulator.Deploy.0 = Ad-Hoc|iPhoneSimulator
		{9908F7F6-C439-439F-A904-2DAE84A0D967}.AppStore|Any CPU.ActiveCfg = AppStore|iPhone
		{9908F7F6-C439-439F-A904-2DAE84A0D967}.AppStore|Any CPU.Build.0 = AppStore|iPhone
		{9908F7F6-C439-439F-A904-2DAE84A0D967}.AppStore|Any CPU.Deploy.0 = AppStore|iPhone
		{9908F7F6-C439-439F-A904-2DAE84A0D967}.AppStore|iPhone.ActiveCfg = AppStore|iPhone
		{9908F7F6-C439-439F-A904-2DAE84A0D967}.AppStore|iPhone.Build.0 = AppStore|iPhone
		{9908F7F6-C439-439F-A904-2DAE84A0D967}.AppStore|iPhone.Deploy.0 = AppStore|iPhone
		{9908F7F6-C439-439F-A904-2DAE84A0D967}.AppStore|iPhoneSimulator.ActiveCfg = AppStore|iPhoneSimulator
		{9908F7F6-C439-439F-A904-2DAE84A0D967}.AppStore|iPhoneSimulator.Build.0 = AppStore|iPhoneSimulator
		{9908F7F6-C439-439F-A904-2DAE84A0D967}.AppStore|iPhoneSimulator.Deploy.0 = AppStore|iPhoneSimulator
		{9908F7F6-C439-439F-A904-2DAE84A0D967}.Debug|Any CPU.ActiveCfg = Debug|iPhoneSimulator
		{9908F7F6-C439-439F-A904-2DAE84A0D967}.Debug|Any CPU.Build.0 = Debug|iPhoneSimulator
		{9908F7F6-C439-439F-A904-2DAE84A0D967}.Debug|Any CPU.Deploy.0 = Debug|iPhoneSimulator
		{9908F7F6-C439-439F-A904-2DAE84A0D967}.Debug|iPhone.ActiveCfg = Debug|iPhone
		{9908F7F6-C439-439F-A904-2DAE84A0D967}.Debug|iPhone.Build.0 = Debug|iPhone
		{9908F7F6-C439-439F-A904-2DAE84A0D967}.Debug|iPhone.Deploy.0 = Debug|iPhone
		{9908F7F6-C439-439F-A904-2DAE84A0D967}.Debug|iPhoneSimulator.ActiveCfg = Debug|iPhoneSimulator
		{9908F7F6-C439-439F-A904-2DAE84A0D967}.Debug|iPhoneSimulator.Build.0 = Debug|iPhoneSimulator
		{9908F7F6-C439-439F-A904-2DAE84A0D967}.Debug|iPhoneSimulator.Deploy.0 = Debug|iPhoneSimulator
		{9908F7F6-C439-439F-A904-2DAE84A0D967}.Release|Any CPU.ActiveCfg = Release|iPhone
		{9908F7F6-C439-439F-A904-2DAE84A0D967}.Release|Any CPU.Build.0 = Release|iPhone
		{9908F7F6-C439-439F-A904-2DAE84A0D967}.Release|Any CPU.Deploy.0 = Release|iPhone
		{9908F7F6-C439-439F-A904-2DAE84A0D967}.Release|iPhone.ActiveCfg = Release|iPhone
		{9908F7F6-C439-439F-A904-2DAE84A0D967}.Release|iPhone.Build.0 = Release|iPhone
		{9908F7F6-C439-439F-A904-2DAE84A0D967}.Release|iPhone.Deploy.0 = Release|iPhone
		{9908F7F6-C439-439F-A904-2DAE84A0D967}.Release|iPhoneSimulator.ActiveCfg = Release|iPhoneSimulator
		{9908F7F6-C439-439F-A904-2DAE84A0D967}.Release|iPhoneSimulator.Build.0 = Release|iPhoneSimulator
		{9908F7F6-C439-439F-A904-2DAE84A0D967}.Release|iPhoneSimulator.Deploy.0 = Release|iPhoneSimulator
		{120FD72A-6856-45DB-AD88-E4E02CF6E05B}.Ad-Hoc|Any CPU.ActiveCfg = Debug|Any CPU
		{120FD72A-6856-45DB-AD88-E4E02CF6E05B}.Ad-Hoc|Any CPU.Build.0 = Debug|Any CPU
		{120FD72A-6856-45DB-AD88-E4E02CF6E05B}.Ad-Hoc|Any CPU.Deploy.0 = Debug|Any CPU
		{120FD72A-6856-45DB-AD88-E4E02CF6E05B}.Ad-Hoc|iPhone.ActiveCfg = Debug|Any CPU
		{120FD72A-6856-45DB-AD88-E4E02CF6E05B}.Ad-Hoc|iPhone.Build.0 = Debug|Any CPU
		{120FD72A-6856-45DB-AD88-E4E02CF6E05B}.Ad-Hoc|iPhone.Deploy.0 = Debug|Any CPU
		{120FD72A-6856-45DB-AD88-E4E02CF6E05B}.Ad-Hoc|iPhoneSimulator.ActiveCfg = Debug|Any CPU
		{120FD72A-6856-45DB-AD88-E4E02CF6E05B}.Ad-Hoc|iPhoneSimulator.Build.0 = Debug|Any CPU
		{120FD72A-6856-45DB-AD88-E4E02CF6E05B}.Ad-Hoc|iPhoneSimulator.Deploy.0 = Debug|Any CPU
		{120FD72A-6856-45DB-AD88-E4E02CF6E05B}.AppStore|Any CPU.ActiveCfg = Debug|Any CPU
		{120FD72A-6856-45DB-AD88-E4E02CF6E05B}.AppStore|Any CPU.Build.0 = Debug|Any CPU
		{120FD72A-6856-45DB-AD88-E4E02CF6E05B}.AppStore|Any CPU.Deploy.0 = Debug|Any CPU
		{120FD72A-6856-45DB-AD88-E4E02CF6E05B}.AppStore|iPhone.ActiveCfg = Debug|Any CPU
		{120FD72A-6856-45DB-AD88-E4E02CF6E05B}.AppStore|iPhone.Build.0 = Debug|Any CPU
		{120FD72A-6856-45DB-AD88-E4E02CF6E05B}.AppStore|iPhone.Deploy.0 = Debug|Any CPU
		{120FD72A-6856-45DB-AD88-E4E02CF6E05B}.AppStore|iPhoneSimulator.ActiveCfg = Debug|Any CPU
		{120FD72A-6856-45DB-AD88-E4E02CF6E05B}.AppStore|iPhoneSimulator.Build.0 = Debug|Any CPU
		{120FD72A-6856-45DB-AD88-E4E02CF6E05B}.AppStore|iPhoneSimulator.Deploy.0 = Debug|Any CPU
		{120FD72A-6856-45DB-AD88-E4E02CF6E05B}.Debug|Any CPU.ActiveCfg = Debug|Any CPU
		{120FD72A-6856-45DB-AD88-E4E02CF6E05B}.Debug|Any CPU.Build.0 = Debug|Any CPU
		{120FD72A-6856-45DB-AD88-E4E02CF6E05B}.Debug|Any CPU.Deploy.0 = Debug|Any CPU
		{120FD72A-6856-45DB-AD88-E4E02CF6E05B}.Debug|iPhone.ActiveCfg = Debug|Any CPU
		{120FD72A-6856-45DB-AD88-E4E02CF6E05B}.Debug|iPhone.Build.0 = Debug|Any CPU
		{120FD72A-6856-45DB-AD88-E4E02CF6E05B}.Debug|iPhone.Deploy.0 = Debug|Any CPU
		{120FD72A-6856-45DB-AD88-E4E02CF6E05B}.Debug|iPhoneSimulator.ActiveCfg = Debug|Any CPU
		{120FD72A-6856-45DB-AD88-E4E02CF6E05B}.Debug|iPhoneSimulator.Build.0 = Debug|Any CPU
		{120FD72A-6856-45DB-AD88-E4E02CF6E05B}.Debug|iPhoneSimulator.Deploy.0 = Debug|Any CPU
		{120FD72A-6856-45DB-AD88-E4E02CF6E05B}.Release|Any CPU.ActiveCfg = Release|Any CPU
		{120FD72A-6856-45DB-AD88-E4E02CF6E05B}.Release|Any CPU.Build.0 = Release|Any CPU
		{120FD72A-6856-45DB-AD88-E4E02CF6E05B}.Release|Any CPU.Deploy.0 = Release|Any CPU
		{120FD72A-6856-45DB-AD88-E4E02CF6E05B}.Release|iPhone.ActiveCfg = Release|Any CPU
		{120FD72A-6856-45DB-AD88-E4E02CF6E05B}.Release|iPhone.Build.0 = Release|Any CPU
		{120FD72A-6856-45DB-AD88-E4E02CF6E05B}.Release|iPhone.Deploy.0 = Release|Any CPU
		{120FD72A-6856-45DB-AD88-E4E02CF6E05B}.Release|iPhoneSimulator.ActiveCfg = Release|Any CPU
		{120FD72A-6856-45DB-AD88-E4E02CF6E05B}.Release|iPhoneSimulator.Build.0 = Release|Any CPU
		{120FD72A-6856-45DB-AD88-E4E02CF6E05B}.Release|iPhoneSimulator.Deploy.0 = Release|Any CPU
	EndGlobalSection
	GlobalSection(SolutionProperties) = preSolution
		HideSolutionNode = FALSE
	EndGlobalSection
	GlobalSection(ExtensibilityGlobals) = postSolution
		SolutionGuid = {6E69BF3C-0E8C-44C7-AE21-88A7E4AC8B6F}
	EndGlobalSection
EndGlobal
