
Microsoft Visual Studio Solution File, Format Version 12.00
# Visual Studio 2012
Project("{FAE04EC0-301F-11D3-BF4B-00C04F79EFBC}") = "WPF_CS_Document_Viewer", "WPF_CS_Document_Viewer.csproj", "{D17C5B38-90C3-4041-AB39-7F292D9EAC20}"
EndProject
Global
	GlobalSection(SolutionConfigurationPlatforms) = preSolution
		Debug|Any CPU = Debug|Any CPU
		Release|Any CPU = Release|Any CPU
	EndGlobalSection
	GlobalSection(ProjectConfigurationPlatforms) = postSolution
		{D17C5B38-90C3-4041-AB39-7F292D9EAC20}.Debug|Any CPU.ActiveCfg = Debug|Any CPU
		{D17C5B38-90C3-4041-AB39-7F292D9EAC20}.Debug|Any CPU.Build.0 = Debug|Any CPU
		{D17C5B38-90C3-4041-AB39-7F292D9EAC20}.Release|Any CPU.ActiveCfg = Release|Any CPU
		{D17C5B38-90C3-4041-AB39-7F292D9EAC20}.Release|Any CPU.Build.0 = Release|Any CPU
	EndGlobalSection
	GlobalSection(SolutionProperties) = preSolution
		HideSolutionNode = FALSE
	EndGlobalSection
EndGlobal
