
Microsoft Visual Studio Solution File, Format Version 12.00
# Visual Studio 2012
Project("{F184B08F-C81C-45F6-A57F-5ABD9991F28F}") = "WinForms_VB_Document_Viewer", "WinForms_VB_Document_Viewer.vbproj", "{66CB7783-674F-43CC-9BDD-F60FE88837E6}"
EndProject
Global
	GlobalSection(SolutionConfigurationPlatforms) = preSolution
		Debug|x86 = Debug|x86
		Release|x86 = Release|x86
	EndGlobalSection
	GlobalSection(ProjectConfigurationPlatforms) = postSolution
		{66CB7783-674F-43CC-9BDD-F60FE88837E6}.Debug|x86.ActiveCfg = Debug|x86
		{66CB7783-674F-43CC-9BDD-F60FE88837E6}.Debug|x86.Build.0 = Debug|x86
		{66CB7783-674F-43CC-9BDD-F60FE88837E6}.Release|x86.ActiveCfg = Release|x86
		{66CB7783-674F-43CC-9BDD-F60FE88837E6}.Release|x86.Build.0 = Release|x86
	EndGlobalSection
	GlobalSection(SolutionProperties) = preSolution
		HideSolutionNode = FALSE
	EndGlobalSection
EndGlobal
